// !$*UTF8*$!
{
	archiveVersion = 1;
	classes = {
	};
	objectVersion = 46;
	objects = {

/* Begin PBXBuildFile section */
		001642BA147A1B72005C3DF8 /* bg_btn_verify.png in Resources */ = {isa = PBXBuildFile; fileRef = 001642B8147A1B72005C3DF8 /* bg_btn_verify.png */; };
		001642BB147A1B72005C3DF8 /* bg.png in Resources */ = {isa = PBXBuildFile; fileRef = 001642B9147A1B72005C3DF8 /* bg.png */; };
		001642BD147A1BE3005C3DF8 /* bg_btn_clear.png in Resources */ = {isa = PBXBuildFile; fileRef = 001642BC147A1BE3005C3DF8 /* bg_btn_clear.png */; };
		00476A21147C8D2B008C42D6 /* SPCommon.m in Sources */ = {isa = PBXBuildFile; fileRef = 00476A20147C8D2B008C42D6 /* SPCommon.m */; };
		00B128CF1474AF2C007F65B6 /* UtilsFunc.m in Sources */ = {isa = PBXBuildFile; fileRef = 00B128CE1474AF2C007F65B6 /* UtilsFunc.m */; };
		00C7EF1B147F37F100F21C6B /* IBAlertView.m in Sources */ = {isa = PBXBuildFile; fileRef = 00C7EEDC147F37F100F21C6B /* IBAlertView.m */; };
		00C7EF1C147F37F100F21C6B /* IBButton.m in Sources */ = {isa = PBXBuildFile; fileRef = 00C7EEDE147F37F100F21C6B /* IBButton.m */; };
		00C7EF1D147F37F100F21C6B /* IBCoreTextLabel.m in Sources */ = {isa = PBXBuildFile; fileRef = 00C7EEE0147F37F100F21C6B /* IBCoreTextLabel.m */; };
		00C7EF1E147F37F100F21C6B /* IBHTableView.m in Sources */ = {isa = PBXBuildFile; fileRef = 00C7EEE2147F37F100F21C6B /* IBHTableView.m */; };
		00C7EF1F147F37F100F21C6B /* IBHTMLLabel.m in Sources */ = {isa = PBXBuildFile; fileRef = 00C7EEE4147F37F100F21C6B /* IBHTMLLabel.m */; };
		00C7EF20147F37F100F21C6B /* CGContext+Boost.m in Sources */ = {isa = PBXBuildFile; fileRef = 00C7EEE8147F37F100F21C6B /* CGContext+Boost.m */; };
		00C7EF21147F37F100F21C6B /* NSArray+Boost.m in Sources */ = {isa = PBXBuildFile; fileRef = 00C7EEEA147F37F100F21C6B /* NSArray+Boost.m */; };
		00C7EF22147F37F100F21C6B /* NSDate+Boost.m in Sources */ = {isa = PBXBuildFile; fileRef = 00C7EEEC147F37F100F21C6B /* NSDate+Boost.m */; };
		00C7EF23147F37F100F21C6B /* NSManagedObject+Boost.m in Sources */ = {isa = PBXBuildFile; fileRef = 00C7EEEE147F37F100F21C6B /* NSManagedObject+Boost.m */; };
		00C7EF24147F37F100F21C6B /* NSMutableArray+Boost.m in Sources */ = {isa = PBXBuildFile; fileRef = 00C7EEF0147F37F100F21C6B /* NSMutableArray+Boost.m */; };
		00C7EF25147F37F100F21C6B /* NSMutableString+Boost.m in Sources */ = {isa = PBXBuildFile; fileRef = 00C7EEF2147F37F100F21C6B /* NSMutableString+Boost.m */; };
		00C7EF26147F37F100F21C6B /* NSNumber+Boost.m in Sources */ = {isa = PBXBuildFile; fileRef = 00C7EEF4147F37F100F21C6B /* NSNumber+Boost.m */; };
		00C7EF27147F37F100F21C6B /* NSObject+Boost.m in Sources */ = {isa = PBXBuildFile; fileRef = 00C7EEF6147F37F100F21C6B /* NSObject+Boost.m */; };
		00C7EF28147F37F100F21C6B /* NSString+Boost.m in Sources */ = {isa = PBXBuildFile; fileRef = 00C7EEF8147F37F100F21C6B /* NSString+Boost.m */; };
		00C7EF29147F37F100F21C6B /* UIColor+Boost.m in Sources */ = {isa = PBXBuildFile; fileRef = 00C7EEFA147F37F100F21C6B /* UIColor+Boost.m */; };
		00C7EF2A147F37F100F21C6B /* UIImage+Boost.m in Sources */ = {isa = PBXBuildFile; fileRef = 00C7EEFC147F37F100F21C6B /* UIImage+Boost.m */; };
		00C7EF2B147F37F100F21C6B /* UIView+Boost.m in Sources */ = {isa = PBXBuildFile; fileRef = 00C7EEFE147F37F100F21C6B /* UIView+Boost.m */; };
		00C7EF2C147F37F100F21C6B /* Functions.m in Sources */ = {isa = PBXBuildFile; fileRef = 00C7EF00147F37F100F21C6B /* Functions.m */; };
		00C7EF2D147F37F100F21C6B /* ViewUtil.m in Sources */ = {isa = PBXBuildFile; fileRef = 00C7EF07147F37F100F21C6B /* ViewUtil.m */; };
		00C7EF2E147F37F100F21C6B /* CoreDataStore.m in Sources */ = {isa = PBXBuildFile; fileRef = 00C7EF0A147F37F100F21C6B /* CoreDataStore.m */; };
		00C7EF2F147F37F100F21C6B /* BlockBasedDispatchMessage.m in Sources */ = {isa = PBXBuildFile; fileRef = 00C7EF0E147F37F100F21C6B /* BlockBasedDispatchMessage.m */; };
		00C7EF30147F37F100F21C6B /* HTTPGetRequestMessage.m in Sources */ = {isa = PBXBuildFile; fileRef = 00C7EF10147F37F100F21C6B /* HTTPGetRequestMessage.m */; };
		00C7EF31147F37F200F21C6B /* HTTPPostRequestMessage.m in Sources */ = {isa = PBXBuildFile; fileRef = 00C7EF12147F37F100F21C6B /* HTTPPostRequestMessage.m */; };
		00C7EF32147F37F200F21C6B /* SequencedMessage.m in Sources */ = {isa = PBXBuildFile; fileRef = 00C7EF14147F37F100F21C6B /* SequencedMessage.m */; };
		00C7EF33147F37F200F21C6B /* DispatchMessage.m in Sources */ = {isa = PBXBuildFile; fileRef = 00C7EF16147F37F100F21C6B /* DispatchMessage.m */; };
		00C7EF34147F37F200F21C6B /* MessageCenter.m in Sources */ = {isa = PBXBuildFile; fileRef = 00C7EF18147F37F100F21C6B /* MessageCenter.m */; };
		00C7EF35147F37F200F21C6B /* MessageProcessor.m in Sources */ = {isa = PBXBuildFile; fileRef = 00C7EF1A147F37F100F21C6B /* MessageProcessor.m */; };
		00C7EF50147F3F1400F21C6B /* ASIAuthenticationDialog.m in Sources */ = {isa = PBXBuildFile; fileRef = 00C7EF38147F3F1400F21C6B /* ASIAuthenticationDialog.m */; };
		00C7EF51147F3F1400F21C6B /* ASIDataCompressor.m in Sources */ = {isa = PBXBuildFile; fileRef = 00C7EF3B147F3F1400F21C6B /* ASIDataCompressor.m */; };
		00C7EF52147F3F1400F21C6B /* ASIDataDecompressor.m in Sources */ = {isa = PBXBuildFile; fileRef = 00C7EF3D147F3F1400F21C6B /* ASIDataDecompressor.m */; };
		00C7EF53147F3F1400F21C6B /* ASIDownloadCache.m in Sources */ = {isa = PBXBuildFile; fileRef = 00C7EF3F147F3F1400F21C6B /* ASIDownloadCache.m */; };
		00C7EF54147F3F1400F21C6B /* ASIFormDataRequest.m in Sources */ = {isa = PBXBuildFile; fileRef = 00C7EF41147F3F1400F21C6B /* ASIFormDataRequest.m */; };
		00C7EF55147F3F1400F21C6B /* ASIHTTPRequest.m in Sources */ = {isa = PBXBuildFile; fileRef = 00C7EF43147F3F1400F21C6B /* ASIHTTPRequest.m */; };
		00C7EF56147F3F1400F21C6B /* ASIInputStream.m in Sources */ = {isa = PBXBuildFile; fileRef = 00C7EF47147F3F1400F21C6B /* ASIInputStream.m */; };
		00C7EF57147F3F1400F21C6B /* ASINetworkQueue.m in Sources */ = {isa = PBXBuildFile; fileRef = 00C7EF49147F3F1400F21C6B /* ASINetworkQueue.m */; };
		00C7EF58147F3F1400F21C6B /* ASIWebPageRequest.m in Sources */ = {isa = PBXBuildFile; fileRef = 00C7EF4D147F3F1400F21C6B /* ASIWebPageRequest.m */; };
		00C7EF59147F3F1400F21C6B /* Reachability.m in Sources */ = {isa = PBXBuildFile; fileRef = 00C7EF4F147F3F1400F21C6B /* Reachability.m */; };
		00E24E021483608000B203D8 /* SPDataModel.xcdatamodeld in Sources */ = {isa = PBXBuildFile; fileRef = 00E24E001483608000B203D8 /* SPDataModel.xcdatamodeld */; };
		00E24E0614836FDB00B203D8 /* SPCoreDataUtil.m in Sources */ = {isa = PBXBuildFile; fileRef = 00E24E0514836FDB00B203D8 /* SPCoreDataUtil.m */; };
		00E24E09148370CB00B203D8 /* SPListItem.m in Sources */ = {isa = PBXBuildFile; fileRef = 00E24E08148370CB00B203D8 /* SPListItem.m */; };
		00E24E0C148370E600B203D8 /* SPSettings.m in Sources */ = {isa = PBXBuildFile; fileRef = 00E24E0B148370E600B203D8 /* SPSettings.m */; };
		00E24E121483AC2B00B203D8 /* NSManagedObject+SPExtensions.m in Sources */ = {isa = PBXBuildFile; fileRef = 00E24E111483AC2B00B203D8 /* NSManagedObject+SPExtensions.m */; };
		00F02D971488723A00885225 /* MBProgressHUD.m in Sources */ = {isa = PBXBuildFile; fileRef = 00F02D961488723A00885225 /* MBProgressHUD.m */; };
		00F02D9E1488978200885225 /* MBProgressHUD+Extensions.m in Sources */ = {isa = PBXBuildFile; fileRef = 00F02D9D1488978200885225 /* MBProgressHUD+Extensions.m */; };
		00F02DA01488984900885225 /* checkmark.png in Resources */ = {isa = PBXBuildFile; fileRef = 00F02D9F1488984900885225 /* checkmark.png */; };
		0B672D9D1456BD4900EAE589 /* CoreData.framework in Frameworks */ = {isa = PBXBuildFile; fileRef = 0B672D9C1456BD4900EAE589 /* CoreData.framework */; };
		0B672D9F1456BD5800EAE589 /* CoreText.framework in Frameworks */ = {isa = PBXBuildFile; fileRef = 0B672D9E1456BD5800EAE589 /* CoreText.framework */; };
		0B672DA41456BF4400EAE589 /* SPTests.m in Sources */ = {isa = PBXBuildFile; fileRef = 0B672DA31456BF4400EAE589 /* SPTests.m */; };
		0B672DAF1456C07900EAE589 /* XMLWriter.m in Sources */ = {isa = PBXBuildFile; fileRef = 0B672DAE1456C07900EAE589 /* XMLWriter.m */; };
		0B672DCB1456C4D000EAE589 /* GetUserInfoService.m in Sources */ = {isa = PBXBuildFile; fileRef = 0B672DCA1456C4D000EAE589 /* GetUserInfoService.m */; };
		0B672DD21456C4F100EAE589 /* SoapEnveloper.m in Sources */ = {isa = PBXBuildFile; fileRef = 0B672DCD1456C4F100EAE589 /* SoapEnveloper.m */; };
		0B672DD31456C4F100EAE589 /* SoapServiceBase.m in Sources */ = {isa = PBXBuildFile; fileRef = 0B672DCF1456C4F100EAE589 /* SoapServiceBase.m */; };
		0B672DD41456C4F100EAE589 /* SoapUtil.m in Sources */ = {isa = PBXBuildFile; fileRef = 0B672DD11456C4F100EAE589 /* SoapUtil.m */; };
		0B672DD71456C54000EAE589 /* UTLDebug.m in Sources */ = {isa = PBXBuildFile; fileRef = 0B672DD61456C54000EAE589 /* UTLDebug.m */; };
		0B672DDC1456C94C00EAE589 /* SPAppDelegate.m in Sources */ = {isa = PBXBuildFile; fileRef = 0B672DD91456C94B00EAE589 /* SPAppDelegate.m */; };
		0B930F7414676EF9007189E7 /* SPLoginAuthenticationService.m in Sources */ = {isa = PBXBuildFile; fileRef = 0B930F7314676EF9007189E7 /* SPLoginAuthenticationService.m */; };
		0B930F77146777BB007189E7 /* SPModeService.m in Sources */ = {isa = PBXBuildFile; fileRef = 0B930F76146777BB007189E7 /* SPModeService.m */; };
		0B930F7A1467AC18007189E7 /* SPSoapRequest.m in Sources */ = {isa = PBXBuildFile; fileRef = 0B930F791467AC18007189E7 /* SPSoapRequest.m */; };
		0B930F7E1467B8B1007189E7 /* SPAuthenticationView.m in Sources */ = {isa = PBXBuildFile; fileRef = 0B930F7C1467B8AB007189E7 /* SPAuthenticationView.m */; };
		0B930F7F1467B8B1007189E7 /* SPAuthenticationView.xib in Resources */ = {isa = PBXBuildFile; fileRef = 0B930F7D1467B8AF007189E7 /* SPAuthenticationView.xib */; };
		0B9A659C14564D220031E5C2 /* UIKit.framework in Frameworks */ = {isa = PBXBuildFile; fileRef = 0B9A659B14564D220031E5C2 /* UIKit.framework */; };
		0B9A659E14564D220031E5C2 /* Foundation.framework in Frameworks */ = {isa = PBXBuildFile; fileRef = 0B9A659D14564D220031E5C2 /* Foundation.framework */; };
		0B9A65A014564D220031E5C2 /* CoreGraphics.framework in Frameworks */ = {isa = PBXBuildFile; fileRef = 0B9A659F14564D220031E5C2 /* CoreGraphics.framework */; };
		0B9A65A614564D220031E5C2 /* InfoPlist.strings in Resources */ = {isa = PBXBuildFile; fileRef = 0B9A65A414564D220031E5C2 /* InfoPlist.strings */; };
		0B9A65A814564D220031E5C2 /* main.m in Sources */ = {isa = PBXBuildFile; fileRef = 0B9A65A714564D220031E5C2 /* main.m */; };
		0B9A65BA14564D220031E5C2 /* SenTestingKit.framework in Frameworks */ = {isa = PBXBuildFile; fileRef = 0B9A65B914564D220031E5C2 /* SenTestingKit.framework */; };
		0B9A65BB14564D220031E5C2 /* UIKit.framework in Frameworks */ = {isa = PBXBuildFile; fileRef = 0B9A659B14564D220031E5C2 /* UIKit.framework */; };
		0B9A65BC14564D220031E5C2 /* Foundation.framework in Frameworks */ = {isa = PBXBuildFile; fileRef = 0B9A659D14564D220031E5C2 /* Foundation.framework */; };
		0B9A65C414564D220031E5C2 /* InfoPlist.strings in Resources */ = {isa = PBXBuildFile; fileRef = 0B9A65C214564D220031E5C2 /* InfoPlist.strings */; };
		0BA7EB641463B2BB0055255D /* SPSimpleSoapRequest.m in Sources */ = {isa = PBXBuildFile; fileRef = 0BA7EB631463B2BB0055255D /* SPSimpleSoapRequest.m */; };
		0BA7EB681463BF560055255D /* SoapRequest.m in Sources */ = {isa = PBXBuildFile; fileRef = 0BA7EB671463BF550055255D /* SoapRequest.m */; };
		0BA7EB6B1463C3B10055255D /* SPSoapRequestBuilder.m in Sources */ = {isa = PBXBuildFile; fileRef = 0BA7EB6A1463C3B00055255D /* SPSoapRequestBuilder.m */; };
		0BAAF4F5145904A9003B4640 /* NSObject+AssociativeReferences.m in Sources */ = {isa = PBXBuildFile; fileRef = 0BAAF4F4145904A9003B4640 /* NSObject+AssociativeReferences.m */; };
		0BAAF50214591ACE003B4640 /* NSObjAssoRefTests.m in Sources */ = {isa = PBXBuildFile; fileRef = 0BAAF50114591ACE003B4640 /* NSObjAssoRefTests.m */; };
		0BAAF512145940FD003B4640 /* NSDataAdditions.m in Sources */ = {isa = PBXBuildFile; fileRef = 0BAAF50D145940FD003B4640 /* NSDataAdditions.m */; };
		0BAAF513145940FD003B4640 /* RXMLElement.m in Sources */ = {isa = PBXBuildFile; fileRef = 0BAAF50F145940FD003B4640 /* RXMLElement.m */; };
		0BAAF514145940FD003B4640 /* TBXML.m in Sources */ = {isa = PBXBuildFile; fileRef = 0BAAF511145940FD003B4640 /* TBXML.m */; };
		0BAAF5171459413E003B4640 /* libz.dylib in Frameworks */ = {isa = PBXBuildFile; fileRef = 0BAAF5161459413E003B4640 /* libz.dylib */; };
		0BC2F9401460F93100292406 /* GDataXMLNode.m in Sources */ = {isa = PBXBuildFile; fileRef = 0BC2F93F1460F93100292406 /* GDataXMLNode.m */; };
		0BDDD7971461307000FD34D2 /* SoapEntity.m in Sources */ = {isa = PBXBuildFile; fileRef = 0BDDD7961461307000FD34D2 /* SoapEntity.m */; };
		0BDDD79A146147C100FD34D2 /* SPSoapService.m in Sources */ = {isa = PBXBuildFile; fileRef = 0BDDD799146147C100FD34D2 /* SPSoapService.m */; };
		0BDDD7A21461586C00FD34D2 /* SPCachedData.m in Sources */ = {isa = PBXBuildFile; fileRef = 0BDDD7A11461586C00FD34D2 /* SPCachedData.m */; };
		0BDDD7A51461607300FD34D2 /* NSObject+SPExtensions.m in Sources */ = {isa = PBXBuildFile; fileRef = 0BDDD7A41461607300FD34D2 /* NSObject+SPExtensions.m */; };
		AD155600146CF980001ACF38 /* CFNetwork.framework in Frameworks */ = {isa = PBXBuildFile; fileRef = AD1555FF146CF980001ACF38 /* CFNetwork.framework */; };
		AD155602146CF98F001ACF38 /* SystemConfiguration.framework in Frameworks */ = {isa = PBXBuildFile; fileRef = AD155601146CF98F001ACF38 /* SystemConfiguration.framework */; };
		AD155604146CF99C001ACF38 /* MobileCoreServices.framework in Frameworks */ = {isa = PBXBuildFile; fileRef = AD155603146CF99C001ACF38 /* MobileCoreServices.framework */; };
		AD3D8B0A146A6832009F7D49 /* FirstDetailView.xib in Resources */ = {isa = PBXBuildFile; fileRef = AD3D8B09146A6832009F7D49 /* FirstDetailView.xib */; };
		AD3D8B13146A6962009F7D49 /* MainWindow.xib in Resources */ = {isa = PBXBuildFile; fileRef = AD3D8B12146A6962009F7D49 /* MainWindow.xib */; };
		AD7E6059145F94960093FFA3 /* ListInfo.m in Sources */ = {isa = PBXBuildFile; fileRef = AD7E6057145F94960093FFA3 /* ListInfo.m */; };
		AD7E605C145F949D0093FFA3 /* GetListCollectionService.m in Sources */ = {isa = PBXBuildFile; fileRef = AD7E605A145F949D0093FFA3 /* GetListCollectionService.m */; };
		AD7E6062145F95480093FFA3 /* libxml2.dylib in Frameworks */ = {isa = PBXBuildFile; fileRef = AD7E6061145F95480093FFA3 /* libxml2.dylib */; };
		AD9F833F1468F17E005EE9A7 /* RootViewController.m in Sources */ = {isa = PBXBuildFile; fileRef = AD9F833A1468F17E005EE9A7 /* RootViewController.m */; };
		AD9F83401468F17E005EE9A7 /* FirstDetailViewController.m in Sources */ = {isa = PBXBuildFile; fileRef = AD9F833C1468F17E005EE9A7 /* FirstDetailViewController.m */; };
		ADA0709314738D9D001A52D1 /* RootView.xib in Resources */ = {isa = PBXBuildFile; fileRef = ADA0709214738D9D001A52D1 /* RootView.xib */; };
		ADA070C51474E042001A52D1 /* TaskViewController.m in Sources */ = {isa = PBXBuildFile; fileRef = ADA070C31474E042001A52D1 /* TaskViewController.m */; };
		ADA070C61474E042001A52D1 /* TaskViewController.xib in Resources */ = {isa = PBXBuildFile; fileRef = ADA070C41474E042001A52D1 /* TaskViewController.xib */; };
		ADA070EA1474F0D2001A52D1 /* ItemMenuListController.m in Sources */ = {isa = PBXBuildFile; fileRef = ADA070E91474F0D2001A52D1 /* ItemMenuListController.m */; };
		ADAD75291467A6DE004C7704 /* GetListItemsService.m in Sources */ = {isa = PBXBuildFile; fileRef = ADAD75281467A6DE004C7704 /* GetListItemsService.m */; };
		ADAD75351467B9BF004C7704 /* SPGetListItemsRequest.m in Sources */ = {isa = PBXBuildFile; fileRef = ADAD75341467B9BD004C7704 /* SPGetListItemsRequest.m */; };
		ADDD79E414834DE600C22DC0 /* TaskEditViewController.m in Sources */ = {isa = PBXBuildFile; fileRef = ADDD79E214834DE600C22DC0 /* TaskEditViewController.m */; };
		ADDD79E514834DE600C22DC0 /* TaskEditViewController.xib in Resources */ = {isa = PBXBuildFile; fileRef = ADDD79E314834DE600C22DC0 /* TaskEditViewController.xib */; };
		ADFA66491488ABAC002DDCFA /* SPUpdateItemRequest.m in Sources */ = {isa = PBXBuildFile; fileRef = ADFA66461488ABAC002DDCFA /* SPUpdateItemRequest.m */; };
		ADFA664A1488ABAC002DDCFA /* UpdateListItemsService.m in Sources */ = {isa = PBXBuildFile; fileRef = ADFA66481488ABAC002DDCFA /* UpdateListItemsService.m */; };
/* End PBXBuildFile section */

/* Begin PBXContainerItemProxy section */
		0B9A65BD14564D220031E5C2 /* PBXContainerItemProxy */ = {
			isa = PBXContainerItemProxy;
			containerPortal = 0B9A658E14564D210031E5C2 /* Project object */;
			proxyType = 1;
			remoteGlobalIDString = 0B9A659614564D220031E5C2;
			remoteInfo = SP;
		};
/* End PBXContainerItemProxy section */

/* Begin PBXFileReference section */
		001642B8147A1B72005C3DF8 /* bg_btn_verify.png */ = {isa = PBXFileReference; lastKnownFileType = image.png; path = bg_btn_verify.png; sourceTree = "<group>"; };
		001642B9147A1B72005C3DF8 /* bg.png */ = {isa = PBXFileReference; lastKnownFileType = image.png; path = bg.png; sourceTree = "<group>"; };
		001642BC147A1BE3005C3DF8 /* bg_btn_clear.png */ = {isa = PBXFileReference; lastKnownFileType = image.png; path = bg_btn_clear.png; sourceTree = "<group>"; };
		00476A1F147C8D2B008C42D6 /* SPCommon.h */ = {isa = PBXFileReference; fileEncoding = 4; lastKnownFileType = sourcecode.c.h; path = SPCommon.h; sourceTree = "<group>"; };
		00476A20147C8D2B008C42D6 /* SPCommon.m */ = {isa = PBXFileReference; fileEncoding = 4; lastKnownFileType = sourcecode.c.objc; path = SPCommon.m; sourceTree = "<group>"; };
		00B128CD1474AF2C007F65B6 /* UtilsFunc.h */ = {isa = PBXFileReference; fileEncoding = 4; lastKnownFileType = sourcecode.c.h; path = UtilsFunc.h; sourceTree = "<group>"; };
		00B128CE1474AF2C007F65B6 /* UtilsFunc.m */ = {isa = PBXFileReference; fileEncoding = 4; lastKnownFileType = sourcecode.c.objc; path = UtilsFunc.m; sourceTree = "<group>"; };
		00C7EEDB147F37F100F21C6B /* IBAlertView.h */ = {isa = PBXFileReference; fileEncoding = 4; lastKnownFileType = sourcecode.c.h; path = IBAlertView.h; sourceTree = "<group>"; };
		00C7EEDC147F37F100F21C6B /* IBAlertView.m */ = {isa = PBXFileReference; fileEncoding = 4; lastKnownFileType = sourcecode.c.objc; path = IBAlertView.m; sourceTree = "<group>"; };
		00C7EEDD147F37F100F21C6B /* IBButton.h */ = {isa = PBXFileReference; fileEncoding = 4; lastKnownFileType = sourcecode.c.h; path = IBButton.h; sourceTree = "<group>"; };
		00C7EEDE147F37F100F21C6B /* IBButton.m */ = {isa = PBXFileReference; fileEncoding = 4; lastKnownFileType = sourcecode.c.objc; path = IBButton.m; sourceTree = "<group>"; };
		00C7EEDF147F37F100F21C6B /* IBCoreTextLabel.h */ = {isa = PBXFileReference; fileEncoding = 4; lastKnownFileType = sourcecode.c.h; path = IBCoreTextLabel.h; sourceTree = "<group>"; };
		00C7EEE0147F37F100F21C6B /* IBCoreTextLabel.m */ = {isa = PBXFileReference; fileEncoding = 4; lastKnownFileType = sourcecode.c.objc; path = IBCoreTextLabel.m; sourceTree = "<group>"; };
		00C7EEE1147F37F100F21C6B /* IBHTableView.h */ = {isa = PBXFileReference; fileEncoding = 4; lastKnownFileType = sourcecode.c.h; path = IBHTableView.h; sourceTree = "<group>"; };
		00C7EEE2147F37F100F21C6B /* IBHTableView.m */ = {isa = PBXFileReference; fileEncoding = 4; lastKnownFileType = sourcecode.c.objc; path = IBHTableView.m; sourceTree = "<group>"; };
		00C7EEE3147F37F100F21C6B /* IBHTMLLabel.h */ = {isa = PBXFileReference; fileEncoding = 4; lastKnownFileType = sourcecode.c.h; path = IBHTMLLabel.h; sourceTree = "<group>"; };
		00C7EEE4147F37F100F21C6B /* IBHTMLLabel.m */ = {isa = PBXFileReference; fileEncoding = 4; lastKnownFileType = sourcecode.c.objc; path = IBHTMLLabel.m; sourceTree = "<group>"; };
		00C7EEE7147F37F100F21C6B /* CGContext+Boost.h */ = {isa = PBXFileReference; fileEncoding = 4; lastKnownFileType = sourcecode.c.h; path = "CGContext+Boost.h"; sourceTree = "<group>"; };
		00C7EEE8147F37F100F21C6B /* CGContext+Boost.m */ = {isa = PBXFileReference; fileEncoding = 4; lastKnownFileType = sourcecode.c.objc; path = "CGContext+Boost.m"; sourceTree = "<group>"; };
		00C7EEE9147F37F100F21C6B /* NSArray+Boost.h */ = {isa = PBXFileReference; fileEncoding = 4; lastKnownFileType = sourcecode.c.h; path = "NSArray+Boost.h"; sourceTree = "<group>"; };
		00C7EEEA147F37F100F21C6B /* NSArray+Boost.m */ = {isa = PBXFileReference; fileEncoding = 4; lastKnownFileType = sourcecode.c.objc; path = "NSArray+Boost.m"; sourceTree = "<group>"; };
		00C7EEEB147F37F100F21C6B /* NSDate+Boost.h */ = {isa = PBXFileReference; fileEncoding = 4; lastKnownFileType = sourcecode.c.h; path = "NSDate+Boost.h"; sourceTree = "<group>"; };
		00C7EEEC147F37F100F21C6B /* NSDate+Boost.m */ = {isa = PBXFileReference; fileEncoding = 4; lastKnownFileType = sourcecode.c.objc; path = "NSDate+Boost.m"; sourceTree = "<group>"; };
		00C7EEED147F37F100F21C6B /* NSManagedObject+Boost.h */ = {isa = PBXFileReference; fileEncoding = 4; lastKnownFileType = sourcecode.c.h; path = "NSManagedObject+Boost.h"; sourceTree = "<group>"; };
		00C7EEEE147F37F100F21C6B /* NSManagedObject+Boost.m */ = {isa = PBXFileReference; fileEncoding = 4; lastKnownFileType = sourcecode.c.objc; path = "NSManagedObject+Boost.m"; sourceTree = "<group>"; };
		00C7EEEF147F37F100F21C6B /* NSMutableArray+Boost.h */ = {isa = PBXFileReference; fileEncoding = 4; lastKnownFileType = sourcecode.c.h; path = "NSMutableArray+Boost.h"; sourceTree = "<group>"; };
		00C7EEF0147F37F100F21C6B /* NSMutableArray+Boost.m */ = {isa = PBXFileReference; fileEncoding = 4; lastKnownFileType = sourcecode.c.objc; path = "NSMutableArray+Boost.m"; sourceTree = "<group>"; };
		00C7EEF1147F37F100F21C6B /* NSMutableString+Boost.h */ = {isa = PBXFileReference; fileEncoding = 4; lastKnownFileType = sourcecode.c.h; path = "NSMutableString+Boost.h"; sourceTree = "<group>"; };
		00C7EEF2147F37F100F21C6B /* NSMutableString+Boost.m */ = {isa = PBXFileReference; fileEncoding = 4; lastKnownFileType = sourcecode.c.objc; path = "NSMutableString+Boost.m"; sourceTree = "<group>"; };
		00C7EEF3147F37F100F21C6B /* NSNumber+Boost.h */ = {isa = PBXFileReference; fileEncoding = 4; lastKnownFileType = sourcecode.c.h; path = "NSNumber+Boost.h"; sourceTree = "<group>"; };
		00C7EEF4147F37F100F21C6B /* NSNumber+Boost.m */ = {isa = PBXFileReference; fileEncoding = 4; lastKnownFileType = sourcecode.c.objc; path = "NSNumber+Boost.m"; sourceTree = "<group>"; };
		00C7EEF5147F37F100F21C6B /* NSObject+Boost.h */ = {isa = PBXFileReference; fileEncoding = 4; lastKnownFileType = sourcecode.c.h; path = "NSObject+Boost.h"; sourceTree = "<group>"; };
		00C7EEF6147F37F100F21C6B /* NSObject+Boost.m */ = {isa = PBXFileReference; fileEncoding = 4; lastKnownFileType = sourcecode.c.objc; path = "NSObject+Boost.m"; sourceTree = "<group>"; };
		00C7EEF7147F37F100F21C6B /* NSString+Boost.h */ = {isa = PBXFileReference; fileEncoding = 4; lastKnownFileType = sourcecode.c.h; path = "NSString+Boost.h"; sourceTree = "<group>"; };
		00C7EEF8147F37F100F21C6B /* NSString+Boost.m */ = {isa = PBXFileReference; fileEncoding = 4; lastKnownFileType = sourcecode.c.objc; path = "NSString+Boost.m"; sourceTree = "<group>"; };
		00C7EEF9147F37F100F21C6B /* UIColor+Boost.h */ = {isa = PBXFileReference; fileEncoding = 4; lastKnownFileType = sourcecode.c.h; path = "UIColor+Boost.h"; sourceTree = "<group>"; };
		00C7EEFA147F37F100F21C6B /* UIColor+Boost.m */ = {isa = PBXFileReference; fileEncoding = 4; lastKnownFileType = sourcecode.c.objc; path = "UIColor+Boost.m"; sourceTree = "<group>"; };
		00C7EEFB147F37F100F21C6B /* UIImage+Boost.h */ = {isa = PBXFileReference; fileEncoding = 4; lastKnownFileType = sourcecode.c.h; path = "UIImage+Boost.h"; sourceTree = "<group>"; };
		00C7EEFC147F37F100F21C6B /* UIImage+Boost.m */ = {isa = PBXFileReference; fileEncoding = 4; lastKnownFileType = sourcecode.c.objc; path = "UIImage+Boost.m"; sourceTree = "<group>"; };
		00C7EEFD147F37F100F21C6B /* UIView+Boost.h */ = {isa = PBXFileReference; fileEncoding = 4; lastKnownFileType = sourcecode.c.h; path = "UIView+Boost.h"; sourceTree = "<group>"; };
		00C7EEFE147F37F100F21C6B /* UIView+Boost.m */ = {isa = PBXFileReference; fileEncoding = 4; lastKnownFileType = sourcecode.c.objc; path = "UIView+Boost.m"; sourceTree = "<group>"; };
		00C7EEFF147F37F100F21C6B /* Functions.h */ = {isa = PBXFileReference; fileEncoding = 4; lastKnownFileType = sourcecode.c.h; path = Functions.h; sourceTree = "<group>"; };
		00C7EF00147F37F100F21C6B /* Functions.m */ = {isa = PBXFileReference; fileEncoding = 4; lastKnownFileType = sourcecode.c.objc; path = Functions.m; sourceTree = "<group>"; };
		00C7EF02147F37F100F21C6B /* Constants.h */ = {isa = PBXFileReference; fileEncoding = 4; lastKnownFileType = sourcecode.c.h; path = Constants.h; sourceTree = "<group>"; };
		00C7EF03147F37F100F21C6B /* Macros.h */ = {isa = PBXFileReference; fileEncoding = 4; lastKnownFileType = sourcecode.c.h; path = Macros.h; sourceTree = "<group>"; };
		00C7EF04147F37F100F21C6B /* Types.h */ = {isa = PBXFileReference; fileEncoding = 4; lastKnownFileType = sourcecode.c.h; path = Types.h; sourceTree = "<group>"; };
		00C7EF06147F37F100F21C6B /* ViewUtil.h */ = {isa = PBXFileReference; fileEncoding = 4; lastKnownFileType = sourcecode.c.h; path = ViewUtil.h; sourceTree = "<group>"; };
		00C7EF07147F37F100F21C6B /* ViewUtil.m */ = {isa = PBXFileReference; fileEncoding = 4; lastKnownFileType = sourcecode.c.objc; path = ViewUtil.m; sourceTree = "<group>"; };
		00C7EF09147F37F100F21C6B /* CoreDataStore.h */ = {isa = PBXFileReference; fileEncoding = 4; lastKnownFileType = sourcecode.c.h; path = CoreDataStore.h; sourceTree = "<group>"; };
		00C7EF0A147F37F100F21C6B /* CoreDataStore.m */ = {isa = PBXFileReference; fileEncoding = 4; lastKnownFileType = sourcecode.c.objc; path = CoreDataStore.m; sourceTree = "<group>"; };
		00C7EF0D147F37F100F21C6B /* BlockBasedDispatchMessage.h */ = {isa = PBXFileReference; fileEncoding = 4; lastKnownFileType = sourcecode.c.h; path = BlockBasedDispatchMessage.h; sourceTree = "<group>"; };
		00C7EF0E147F37F100F21C6B /* BlockBasedDispatchMessage.m */ = {isa = PBXFileReference; fileEncoding = 4; lastKnownFileType = sourcecode.c.objc; path = BlockBasedDispatchMessage.m; sourceTree = "<group>"; };
		00C7EF0F147F37F100F21C6B /* HTTPGetRequestMessage.h */ = {isa = PBXFileReference; fileEncoding = 4; lastKnownFileType = sourcecode.c.h; path = HTTPGetRequestMessage.h; sourceTree = "<group>"; };
		00C7EF10147F37F100F21C6B /* HTTPGetRequestMessage.m */ = {isa = PBXFileReference; fileEncoding = 4; lastKnownFileType = sourcecode.c.objc; path = HTTPGetRequestMessage.m; sourceTree = "<group>"; };
		00C7EF11147F37F100F21C6B /* HTTPPostRequestMessage.h */ = {isa = PBXFileReference; fileEncoding = 4; lastKnownFileType = sourcecode.c.h; path = HTTPPostRequestMessage.h; sourceTree = "<group>"; };
		00C7EF12147F37F100F21C6B /* HTTPPostRequestMessage.m */ = {isa = PBXFileReference; fileEncoding = 4; lastKnownFileType = sourcecode.c.objc; path = HTTPPostRequestMessage.m; sourceTree = "<group>"; };
		00C7EF13147F37F100F21C6B /* SequencedMessage.h */ = {isa = PBXFileReference; fileEncoding = 4; lastKnownFileType = sourcecode.c.h; path = SequencedMessage.h; sourceTree = "<group>"; };
		00C7EF14147F37F100F21C6B /* SequencedMessage.m */ = {isa = PBXFileReference; fileEncoding = 4; lastKnownFileType = sourcecode.c.objc; path = SequencedMessage.m; sourceTree = "<group>"; };
		00C7EF15147F37F100F21C6B /* DispatchMessage.h */ = {isa = PBXFileReference; fileEncoding = 4; lastKnownFileType = sourcecode.c.h; path = DispatchMessage.h; sourceTree = "<group>"; };
		00C7EF16147F37F100F21C6B /* DispatchMessage.m */ = {isa = PBXFileReference; fileEncoding = 4; lastKnownFileType = sourcecode.c.objc; path = DispatchMessage.m; sourceTree = "<group>"; };
		00C7EF17147F37F100F21C6B /* MessageCenter.h */ = {isa = PBXFileReference; fileEncoding = 4; lastKnownFileType = sourcecode.c.h; path = MessageCenter.h; sourceTree = "<group>"; };
		00C7EF18147F37F100F21C6B /* MessageCenter.m */ = {isa = PBXFileReference; fileEncoding = 4; lastKnownFileType = sourcecode.c.objc; path = MessageCenter.m; sourceTree = "<group>"; };
		00C7EF19147F37F100F21C6B /* MessageProcessor.h */ = {isa = PBXFileReference; fileEncoding = 4; lastKnownFileType = sourcecode.c.h; path = MessageProcessor.h; sourceTree = "<group>"; };
		00C7EF1A147F37F100F21C6B /* MessageProcessor.m */ = {isa = PBXFileReference; fileEncoding = 4; lastKnownFileType = sourcecode.c.objc; path = MessageProcessor.m; sourceTree = "<group>"; };
		00C7EF37147F3F1400F21C6B /* ASIAuthenticationDialog.h */ = {isa = PBXFileReference; fileEncoding = 4; lastKnownFileType = sourcecode.c.h; path = ASIAuthenticationDialog.h; sourceTree = "<group>"; };
		00C7EF38147F3F1400F21C6B /* ASIAuthenticationDialog.m */ = {isa = PBXFileReference; fileEncoding = 4; lastKnownFileType = sourcecode.c.objc; path = ASIAuthenticationDialog.m; sourceTree = "<group>"; };
		00C7EF39147F3F1400F21C6B /* ASICacheDelegate.h */ = {isa = PBXFileReference; fileEncoding = 4; lastKnownFileType = sourcecode.c.h; path = ASICacheDelegate.h; sourceTree = "<group>"; };
		00C7EF3A147F3F1400F21C6B /* ASIDataCompressor.h */ = {isa = PBXFileReference; fileEncoding = 4; lastKnownFileType = sourcecode.c.h; path = ASIDataCompressor.h; sourceTree = "<group>"; };
		00C7EF3B147F3F1400F21C6B /* ASIDataCompressor.m */ = {isa = PBXFileReference; fileEncoding = 4; lastKnownFileType = sourcecode.c.objc; path = ASIDataCompressor.m; sourceTree = "<group>"; };
		00C7EF3C147F3F1400F21C6B /* ASIDataDecompressor.h */ = {isa = PBXFileReference; fileEncoding = 4; lastKnownFileType = sourcecode.c.h; path = ASIDataDecompressor.h; sourceTree = "<group>"; };
		00C7EF3D147F3F1400F21C6B /* ASIDataDecompressor.m */ = {isa = PBXFileReference; fileEncoding = 4; lastKnownFileType = sourcecode.c.objc; path = ASIDataDecompressor.m; sourceTree = "<group>"; };
		00C7EF3E147F3F1400F21C6B /* ASIDownloadCache.h */ = {isa = PBXFileReference; fileEncoding = 4; lastKnownFileType = sourcecode.c.h; path = ASIDownloadCache.h; sourceTree = "<group>"; };
		00C7EF3F147F3F1400F21C6B /* ASIDownloadCache.m */ = {isa = PBXFileReference; fileEncoding = 4; lastKnownFileType = sourcecode.c.objc; path = ASIDownloadCache.m; sourceTree = "<group>"; };
		00C7EF40147F3F1400F21C6B /* ASIFormDataRequest.h */ = {isa = PBXFileReference; fileEncoding = 4; lastKnownFileType = sourcecode.c.h; path = ASIFormDataRequest.h; sourceTree = "<group>"; };
		00C7EF41147F3F1400F21C6B /* ASIFormDataRequest.m */ = {isa = PBXFileReference; fileEncoding = 4; lastKnownFileType = sourcecode.c.objc; path = ASIFormDataRequest.m; sourceTree = "<group>"; };
		00C7EF42147F3F1400F21C6B /* ASIHTTPRequest.h */ = {isa = PBXFileReference; fileEncoding = 4; lastKnownFileType = sourcecode.c.h; path = ASIHTTPRequest.h; sourceTree = "<group>"; };
		00C7EF43147F3F1400F21C6B /* ASIHTTPRequest.m */ = {isa = PBXFileReference; fileEncoding = 4; lastKnownFileType = sourcecode.c.objc; path = ASIHTTPRequest.m; sourceTree = "<group>"; };
		00C7EF44147F3F1400F21C6B /* ASIHTTPRequestConfig.h */ = {isa = PBXFileReference; fileEncoding = 4; lastKnownFileType = sourcecode.c.h; path = ASIHTTPRequestConfig.h; sourceTree = "<group>"; };
		00C7EF45147F3F1400F21C6B /* ASIHTTPRequestDelegate.h */ = {isa = PBXFileReference; fileEncoding = 4; lastKnownFileType = sourcecode.c.h; path = ASIHTTPRequestDelegate.h; sourceTree = "<group>"; };
		00C7EF46147F3F1400F21C6B /* ASIInputStream.h */ = {isa = PBXFileReference; fileEncoding = 4; lastKnownFileType = sourcecode.c.h; path = ASIInputStream.h; sourceTree = "<group>"; };
		00C7EF47147F3F1400F21C6B /* ASIInputStream.m */ = {isa = PBXFileReference; fileEncoding = 4; lastKnownFileType = sourcecode.c.objc; path = ASIInputStream.m; sourceTree = "<group>"; };
		00C7EF48147F3F1400F21C6B /* ASINetworkQueue.h */ = {isa = PBXFileReference; fileEncoding = 4; lastKnownFileType = sourcecode.c.h; path = ASINetworkQueue.h; sourceTree = "<group>"; };
		00C7EF49147F3F1400F21C6B /* ASINetworkQueue.m */ = {isa = PBXFileReference; fileEncoding = 4; lastKnownFileType = sourcecode.c.objc; path = ASINetworkQueue.m; sourceTree = "<group>"; };
		00C7EF4A147F3F1400F21C6B /* ASIProgressDelegate.h */ = {isa = PBXFileReference; fileEncoding = 4; lastKnownFileType = sourcecode.c.h; path = ASIProgressDelegate.h; sourceTree = "<group>"; };
		00C7EF4C147F3F1400F21C6B /* ASIWebPageRequest.h */ = {isa = PBXFileReference; fileEncoding = 4; lastKnownFileType = sourcecode.c.h; path = ASIWebPageRequest.h; sourceTree = "<group>"; };
		00C7EF4D147F3F1400F21C6B /* ASIWebPageRequest.m */ = {isa = PBXFileReference; fileEncoding = 4; lastKnownFileType = sourcecode.c.objc; path = ASIWebPageRequest.m; sourceTree = "<group>"; };
		00C7EF4E147F3F1400F21C6B /* Reachability.h */ = {isa = PBXFileReference; fileEncoding = 4; lastKnownFileType = sourcecode.c.h; path = Reachability.h; sourceTree = "<group>"; };
		00C7EF4F147F3F1400F21C6B /* Reachability.m */ = {isa = PBXFileReference; fileEncoding = 4; lastKnownFileType = sourcecode.c.objc; path = Reachability.m; sourceTree = "<group>"; };
		00E24E011483608000B203D8 /* SPDataModel.xcdatamodel */ = {isa = PBXFileReference; lastKnownFileType = wrapper.xcdatamodel; path = SPDataModel.xcdatamodel; sourceTree = "<group>"; };
		00E24E0414836FDB00B203D8 /* SPCoreDataUtil.h */ = {isa = PBXFileReference; fileEncoding = 4; lastKnownFileType = sourcecode.c.h; path = SPCoreDataUtil.h; sourceTree = "<group>"; };
		00E24E0514836FDB00B203D8 /* SPCoreDataUtil.m */ = {isa = PBXFileReference; fileEncoding = 4; lastKnownFileType = sourcecode.c.objc; path = SPCoreDataUtil.m; sourceTree = "<group>"; };
		00E24E07148370CB00B203D8 /* SPListItem.h */ = {isa = PBXFileReference; fileEncoding = 4; lastKnownFileType = sourcecode.c.h; path = SPListItem.h; sourceTree = "<group>"; };
		00E24E08148370CB00B203D8 /* SPListItem.m */ = {isa = PBXFileReference; fileEncoding = 4; lastKnownFileType = sourcecode.c.objc; path = SPListItem.m; sourceTree = "<group>"; };
		00E24E0A148370E600B203D8 /* SPSettings.h */ = {isa = PBXFileReference; fileEncoding = 4; lastKnownFileType = sourcecode.c.h; path = SPSettings.h; sourceTree = "<group>"; };
		00E24E0B148370E600B203D8 /* SPSettings.m */ = {isa = PBXFileReference; fileEncoding = 4; lastKnownFileType = sourcecode.c.objc; path = SPSettings.m; sourceTree = "<group>"; };
		00E24E101483AC2B00B203D8 /* NSManagedObject+SPExtensions.h */ = {isa = PBXFileReference; fileEncoding = 4; lastKnownFileType = sourcecode.c.h; path = "NSManagedObject+SPExtensions.h"; sourceTree = "<group>"; };
		00E24E111483AC2B00B203D8 /* NSManagedObject+SPExtensions.m */ = {isa = PBXFileReference; fileEncoding = 4; lastKnownFileType = sourcecode.c.objc; path = "NSManagedObject+SPExtensions.m"; sourceTree = "<group>"; };
		00F02D951488723A00885225 /* MBProgressHUD.h */ = {isa = PBXFileReference; fileEncoding = 4; lastKnownFileType = sourcecode.c.h; path = MBProgressHUD.h; sourceTree = "<group>"; };
		00F02D961488723A00885225 /* MBProgressHUD.m */ = {isa = PBXFileReference; fileEncoding = 4; lastKnownFileType = sourcecode.c.objc; path = MBProgressHUD.m; sourceTree = "<group>"; };
		00F02D9C1488978200885225 /* MBProgressHUD+Extensions.h */ = {isa = PBXFileReference; fileEncoding = 4; lastKnownFileType = sourcecode.c.h; path = "MBProgressHUD+Extensions.h"; sourceTree = "<group>"; };
		00F02D9D1488978200885225 /* MBProgressHUD+Extensions.m */ = {isa = PBXFileReference; fileEncoding = 4; lastKnownFileType = sourcecode.c.objc; path = "MBProgressHUD+Extensions.m"; sourceTree = "<group>"; };
		00F02D9F1488984900885225 /* checkmark.png */ = {isa = PBXFileReference; lastKnownFileType = image.png; path = checkmark.png; sourceTree = "<group>"; };
		0B672D9C1456BD4900EAE589 /* CoreData.framework */ = {isa = PBXFileReference; lastKnownFileType = wrapper.framework; name = CoreData.framework; path = System/Library/Frameworks/CoreData.framework; sourceTree = SDKROOT; };
		0B672D9E1456BD5800EAE589 /* CoreText.framework */ = {isa = PBXFileReference; lastKnownFileType = wrapper.framework; name = CoreText.framework; path = System/Library/Frameworks/CoreText.framework; sourceTree = SDKROOT; };
		0B672DA21456BF4400EAE589 /* SPTests.h */ = {isa = PBXFileReference; fileEncoding = 4; lastKnownFileType = sourcecode.c.h; path = SPTests.h; sourceTree = "<group>"; };
		0B672DA31456BF4400EAE589 /* SPTests.m */ = {isa = PBXFileReference; fileEncoding = 4; lastKnownFileType = sourcecode.c.objc; path = SPTests.m; sourceTree = "<group>"; };
		0B672DAC1456C07900EAE589 /* XMLSerializable.h */ = {isa = PBXFileReference; fileEncoding = 4; lastKnownFileType = sourcecode.c.h; path = XMLSerializable.h; sourceTree = "<group>"; };
		0B672DAD1456C07900EAE589 /* XMLWriter.h */ = {isa = PBXFileReference; fileEncoding = 4; lastKnownFileType = sourcecode.c.h; path = XMLWriter.h; sourceTree = "<group>"; };
		0B672DAE1456C07900EAE589 /* XMLWriter.m */ = {isa = PBXFileReference; fileEncoding = 4; lastKnownFileType = sourcecode.c.objc; path = XMLWriter.m; sourceTree = "<group>"; };
		0B672DC91456C4D000EAE589 /* GetUserInfoService.h */ = {isa = PBXFileReference; fileEncoding = 4; lastKnownFileType = sourcecode.c.h; path = GetUserInfoService.h; sourceTree = "<group>"; };
		0B672DCA1456C4D000EAE589 /* GetUserInfoService.m */ = {isa = PBXFileReference; fileEncoding = 4; lastKnownFileType = sourcecode.c.objc; path = GetUserInfoService.m; sourceTree = "<group>"; };
		0B672DCC1456C4F100EAE589 /* SoapEnveloper.h */ = {isa = PBXFileReference; fileEncoding = 4; lastKnownFileType = sourcecode.c.h; path = SoapEnveloper.h; sourceTree = "<group>"; };
		0B672DCD1456C4F100EAE589 /* SoapEnveloper.m */ = {isa = PBXFileReference; fileEncoding = 4; lastKnownFileType = sourcecode.c.objc; path = SoapEnveloper.m; sourceTree = "<group>"; };
		0B672DCE1456C4F100EAE589 /* SoapServiceBase.h */ = {isa = PBXFileReference; fileEncoding = 4; lastKnownFileType = sourcecode.c.h; path = SoapServiceBase.h; sourceTree = "<group>"; };
		0B672DCF1456C4F100EAE589 /* SoapServiceBase.m */ = {isa = PBXFileReference; fileEncoding = 4; lastKnownFileType = sourcecode.c.objc; path = SoapServiceBase.m; sourceTree = "<group>"; };
		0B672DD01456C4F100EAE589 /* SoapUtil.h */ = {isa = PBXFileReference; fileEncoding = 4; lastKnownFileType = sourcecode.c.h; path = SoapUtil.h; sourceTree = "<group>"; };
		0B672DD11456C4F100EAE589 /* SoapUtil.m */ = {isa = PBXFileReference; fileEncoding = 4; lastKnownFileType = sourcecode.c.objc; path = SoapUtil.m; sourceTree = "<group>"; };
		0B672DD51456C54000EAE589 /* UTLDebug.h */ = {isa = PBXFileReference; fileEncoding = 4; lastKnownFileType = sourcecode.c.h; path = UTLDebug.h; sourceTree = "<group>"; };
		0B672DD61456C54000EAE589 /* UTLDebug.m */ = {isa = PBXFileReference; fileEncoding = 4; lastKnownFileType = sourcecode.c.objc; path = UTLDebug.m; sourceTree = "<group>"; };
		0B672DD81456C94B00EAE589 /* SPAppDelegate.h */ = {isa = PBXFileReference; fileEncoding = 4; lastKnownFileType = sourcecode.c.h; path = SPAppDelegate.h; sourceTree = "<group>"; };
		0B672DD91456C94B00EAE589 /* SPAppDelegate.m */ = {isa = PBXFileReference; fileEncoding = 4; lastKnownFileType = sourcecode.c.objc; path = SPAppDelegate.m; sourceTree = "<group>"; };
		0B930F7214676EF9007189E7 /* SPLoginAuthenticationService.h */ = {isa = PBXFileReference; fileEncoding = 4; lastKnownFileType = sourcecode.c.h; path = SPLoginAuthenticationService.h; sourceTree = "<group>"; };
		0B930F7314676EF9007189E7 /* SPLoginAuthenticationService.m */ = {isa = PBXFileReference; fileEncoding = 4; lastKnownFileType = sourcecode.c.objc; path = SPLoginAuthenticationService.m; sourceTree = "<group>"; };
		0B930F75146777BB007189E7 /* SPModeService.h */ = {isa = PBXFileReference; fileEncoding = 4; lastKnownFileType = sourcecode.c.h; path = SPModeService.h; sourceTree = "<group>"; };
		0B930F76146777BB007189E7 /* SPModeService.m */ = {isa = PBXFileReference; fileEncoding = 4; lastKnownFileType = sourcecode.c.objc; path = SPModeService.m; sourceTree = "<group>"; };
		0B930F781467AC17007189E7 /* SPSoapRequest.h */ = {isa = PBXFileReference; fileEncoding = 4; lastKnownFileType = sourcecode.c.h; path = SPSoapRequest.h; sourceTree = "<group>"; };
		0B930F791467AC18007189E7 /* SPSoapRequest.m */ = {isa = PBXFileReference; fileEncoding = 4; lastKnownFileType = sourcecode.c.objc; path = SPSoapRequest.m; sourceTree = "<group>"; };
		0B930F7B1467B8AB007189E7 /* SPAuthenticationView.h */ = {isa = PBXFileReference; fileEncoding = 4; lastKnownFileType = sourcecode.c.h; path = SPAuthenticationView.h; sourceTree = "<group>"; };
		0B930F7C1467B8AB007189E7 /* SPAuthenticationView.m */ = {isa = PBXFileReference; fileEncoding = 4; lastKnownFileType = sourcecode.c.objc; path = SPAuthenticationView.m; sourceTree = "<group>"; };
		0B930F7D1467B8AF007189E7 /* SPAuthenticationView.xib */ = {isa = PBXFileReference; fileEncoding = 4; lastKnownFileType = file.xib; path = SPAuthenticationView.xib; sourceTree = "<group>"; };
		0B9A659714564D220031E5C2 /* SP.app */ = {isa = PBXFileReference; explicitFileType = wrapper.application; includeInIndex = 0; path = SP.app; sourceTree = BUILT_PRODUCTS_DIR; };
		0B9A659B14564D220031E5C2 /* UIKit.framework */ = {isa = PBXFileReference; lastKnownFileType = wrapper.framework; name = UIKit.framework; path = System/Library/Frameworks/UIKit.framework; sourceTree = SDKROOT; };
		0B9A659D14564D220031E5C2 /* Foundation.framework */ = {isa = PBXFileReference; lastKnownFileType = wrapper.framework; name = Foundation.framework; path = System/Library/Frameworks/Foundation.framework; sourceTree = SDKROOT; };
		0B9A659F14564D220031E5C2 /* CoreGraphics.framework */ = {isa = PBXFileReference; lastKnownFileType = wrapper.framework; name = CoreGraphics.framework; path = System/Library/Frameworks/CoreGraphics.framework; sourceTree = SDKROOT; };
		0B9A65A314564D220031E5C2 /* SP-Info.plist */ = {isa = PBXFileReference; lastKnownFileType = text.plist.xml; path = "SP-Info.plist"; sourceTree = "<group>"; };
		0B9A65A514564D220031E5C2 /* en */ = {isa = PBXFileReference; lastKnownFileType = text.plist.strings; name = en; path = en.lproj/InfoPlist.strings; sourceTree = "<group>"; };
		0B9A65A714564D220031E5C2 /* main.m */ = {isa = PBXFileReference; lastKnownFileType = sourcecode.c.objc; path = main.m; sourceTree = "<group>"; };
		0B9A65A914564D220031E5C2 /* SP-Prefix.pch */ = {isa = PBXFileReference; lastKnownFileType = sourcecode.c.h; path = "SP-Prefix.pch"; sourceTree = "<group>"; };
		0B9A65B814564D220031E5C2 /* SPTests.octest */ = {isa = PBXFileReference; explicitFileType = wrapper.cfbundle; includeInIndex = 0; path = SPTests.octest; sourceTree = BUILT_PRODUCTS_DIR; };
		0B9A65B914564D220031E5C2 /* SenTestingKit.framework */ = {isa = PBXFileReference; lastKnownFileType = wrapper.framework; name = SenTestingKit.framework; path = Library/Frameworks/SenTestingKit.framework; sourceTree = DEVELOPER_DIR; };
		0B9A65C114564D220031E5C2 /* SPTests-Info.plist */ = {isa = PBXFileReference; lastKnownFileType = text.plist.xml; path = "SPTests-Info.plist"; sourceTree = "<group>"; };
		0B9A65C314564D220031E5C2 /* en */ = {isa = PBXFileReference; lastKnownFileType = text.plist.strings; name = en; path = en.lproj/InfoPlist.strings; sourceTree = "<group>"; };
		0BA7EB621463B2BB0055255D /* SPSimpleSoapRequest.h */ = {isa = PBXFileReference; fileEncoding = 4; lastKnownFileType = sourcecode.c.h; path = SPSimpleSoapRequest.h; sourceTree = "<group>"; };
		0BA7EB631463B2BB0055255D /* SPSimpleSoapRequest.m */ = {isa = PBXFileReference; fileEncoding = 4; lastKnownFileType = sourcecode.c.objc; path = SPSimpleSoapRequest.m; sourceTree = "<group>"; };
		0BA7EB661463BF540055255D /* SoapRequest.h */ = {isa = PBXFileReference; fileEncoding = 4; lastKnownFileType = sourcecode.c.h; path = SoapRequest.h; sourceTree = "<group>"; };
		0BA7EB671463BF550055255D /* SoapRequest.m */ = {isa = PBXFileReference; fileEncoding = 4; lastKnownFileType = sourcecode.c.objc; path = SoapRequest.m; sourceTree = "<group>"; };
		0BA7EB691463C3B00055255D /* SPSoapRequestBuilder.h */ = {isa = PBXFileReference; fileEncoding = 4; lastKnownFileType = sourcecode.c.h; path = SPSoapRequestBuilder.h; sourceTree = "<group>"; };
		0BA7EB6A1463C3B00055255D /* SPSoapRequestBuilder.m */ = {isa = PBXFileReference; fileEncoding = 4; lastKnownFileType = sourcecode.c.objc; path = SPSoapRequestBuilder.m; sourceTree = "<group>"; };
		0BAAF4F3145904A9003B4640 /* NSObject+AssociativeReferences.h */ = {isa = PBXFileReference; fileEncoding = 4; lastKnownFileType = sourcecode.c.h; path = "NSObject+AssociativeReferences.h"; sourceTree = "<group>"; };
		0BAAF4F4145904A9003B4640 /* NSObject+AssociativeReferences.m */ = {isa = PBXFileReference; fileEncoding = 4; lastKnownFileType = sourcecode.c.objc; path = "NSObject+AssociativeReferences.m"; sourceTree = "<group>"; };
		0BAAF50014591ACE003B4640 /* NSObjAssoRefTests.h */ = {isa = PBXFileReference; fileEncoding = 4; lastKnownFileType = sourcecode.c.h; path = NSObjAssoRefTests.h; sourceTree = "<group>"; };
		0BAAF50114591ACE003B4640 /* NSObjAssoRefTests.m */ = {isa = PBXFileReference; fileEncoding = 4; lastKnownFileType = sourcecode.c.objc; path = NSObjAssoRefTests.m; sourceTree = "<group>"; };
		0BAAF50C145940FD003B4640 /* NSDataAdditions.h */ = {isa = PBXFileReference; fileEncoding = 4; lastKnownFileType = sourcecode.c.h; path = NSDataAdditions.h; sourceTree = "<group>"; };
		0BAAF50D145940FD003B4640 /* NSDataAdditions.m */ = {isa = PBXFileReference; fileEncoding = 4; lastKnownFileType = sourcecode.c.objc; path = NSDataAdditions.m; sourceTree = "<group>"; };
		0BAAF50E145940FD003B4640 /* RXMLElement.h */ = {isa = PBXFileReference; fileEncoding = 4; lastKnownFileType = sourcecode.c.h; path = RXMLElement.h; sourceTree = "<group>"; };
		0BAAF50F145940FD003B4640 /* RXMLElement.m */ = {isa = PBXFileReference; fileEncoding = 4; lastKnownFileType = sourcecode.c.objc; path = RXMLElement.m; sourceTree = "<group>"; };
		0BAAF510145940FD003B4640 /* TBXML.h */ = {isa = PBXFileReference; fileEncoding = 4; lastKnownFileType = sourcecode.c.h; path = TBXML.h; sourceTree = "<group>"; };
		0BAAF511145940FD003B4640 /* TBXML.m */ = {isa = PBXFileReference; fileEncoding = 4; lastKnownFileType = sourcecode.c.objc; path = TBXML.m; sourceTree = "<group>"; };
		0BAAF5161459413E003B4640 /* libz.dylib */ = {isa = PBXFileReference; lastKnownFileType = "compiled.mach-o.dylib"; name = libz.dylib; path = usr/lib/libz.dylib; sourceTree = SDKROOT; };
		0BC2F93E1460F93100292406 /* GDataXMLNode.h */ = {isa = PBXFileReference; fileEncoding = 4; lastKnownFileType = sourcecode.c.h; path = GDataXMLNode.h; sourceTree = "<group>"; };
		0BC2F93F1460F93100292406 /* GDataXMLNode.m */ = {isa = PBXFileReference; fileEncoding = 4; lastKnownFileType = sourcecode.c.objc; path = GDataXMLNode.m; sourceTree = "<group>"; };
		0BDDD7951461306F00FD34D2 /* SoapEntity.h */ = {isa = PBXFileReference; fileEncoding = 4; lastKnownFileType = sourcecode.c.h; path = SoapEntity.h; sourceTree = "<group>"; };
		0BDDD7961461307000FD34D2 /* SoapEntity.m */ = {isa = PBXFileReference; fileEncoding = 4; lastKnownFileType = sourcecode.c.objc; path = SoapEntity.m; sourceTree = "<group>"; };
		0BDDD798146147C100FD34D2 /* SPSoapService.h */ = {isa = PBXFileReference; fileEncoding = 4; lastKnownFileType = sourcecode.c.h; path = SPSoapService.h; sourceTree = "<group>"; };
		0BDDD799146147C100FD34D2 /* SPSoapService.m */ = {isa = PBXFileReference; fileEncoding = 4; lastKnownFileType = sourcecode.c.objc; path = SPSoapService.m; sourceTree = "<group>"; };
		0BDDD79D146156A200FD34D2 /* SPConst.h */ = {isa = PBXFileReference; fileEncoding = 4; lastKnownFileType = sourcecode.c.h; path = SPConst.h; sourceTree = "<group>"; };
		0BDDD7A01461586C00FD34D2 /* SPCachedData.h */ = {isa = PBXFileReference; fileEncoding = 4; lastKnownFileType = sourcecode.c.h; path = SPCachedData.h; sourceTree = "<group>"; };
		0BDDD7A11461586C00FD34D2 /* SPCachedData.m */ = {isa = PBXFileReference; fileEncoding = 4; lastKnownFileType = sourcecode.c.objc; path = SPCachedData.m; sourceTree = "<group>"; };
		0BDDD7A31461607300FD34D2 /* NSObject+SPExtensions.h */ = {isa = PBXFileReference; fileEncoding = 4; lastKnownFileType = sourcecode.c.h; path = "NSObject+SPExtensions.h"; sourceTree = "<group>"; };
		0BDDD7A41461607300FD34D2 /* NSObject+SPExtensions.m */ = {isa = PBXFileReference; fileEncoding = 4; lastKnownFileType = sourcecode.c.objc; path = "NSObject+SPExtensions.m"; sourceTree = "<group>"; };
		AD1555FF146CF980001ACF38 /* CFNetwork.framework */ = {isa = PBXFileReference; lastKnownFileType = wrapper.framework; name = CFNetwork.framework; path = System/Library/Frameworks/CFNetwork.framework; sourceTree = SDKROOT; };
		AD155601146CF98F001ACF38 /* SystemConfiguration.framework */ = {isa = PBXFileReference; lastKnownFileType = wrapper.framework; name = SystemConfiguration.framework; path = System/Library/Frameworks/SystemConfiguration.framework; sourceTree = SDKROOT; };
		AD155603146CF99C001ACF38 /* MobileCoreServices.framework */ = {isa = PBXFileReference; lastKnownFileType = wrapper.framework; name = MobileCoreServices.framework; path = System/Library/Frameworks/MobileCoreServices.framework; sourceTree = SDKROOT; };
		AD3D8B09146A6832009F7D49 /* FirstDetailView.xib */ = {isa = PBXFileReference; fileEncoding = 4; lastKnownFileType = file.xib; name = FirstDetailView.xib; path = ../FirstDetailView.xib; sourceTree = "<group>"; };
		AD3D8B12146A6962009F7D49 /* MainWindow.xib */ = {isa = PBXFileReference; fileEncoding = 4; lastKnownFileType = file.xib; path = MainWindow.xib; sourceTree = "<group>"; };
		AD7E6057145F94960093FFA3 /* ListInfo.m */ = {isa = PBXFileReference; fileEncoding = 4; lastKnownFileType = sourcecode.c.objc; path = ListInfo.m; sourceTree = "<group>"; };
		AD7E6058145F94960093FFA3 /* ListInfo.h */ = {isa = PBXFileReference; fileEncoding = 4; lastKnownFileType = sourcecode.c.h; path = ListInfo.h; sourceTree = "<group>"; };
		AD7E605A145F949D0093FFA3 /* GetListCollectionService.m */ = {isa = PBXFileReference; fileEncoding = 4; lastKnownFileType = sourcecode.c.objc; path = GetListCollectionService.m; sourceTree = "<group>"; };
		AD7E605B145F949D0093FFA3 /* GetListCollectionService.h */ = {isa = PBXFileReference; fileEncoding = 4; lastKnownFileType = sourcecode.c.h; path = GetListCollectionService.h; sourceTree = "<group>"; };
		AD7E6061145F95480093FFA3 /* libxml2.dylib */ = {isa = PBXFileReference; lastKnownFileType = "compiled.mach-o.dylib"; name = libxml2.dylib; path = usr/lib/libxml2.dylib; sourceTree = SDKROOT; };
		AD9F833A1468F17E005EE9A7 /* RootViewController.m */ = {isa = PBXFileReference; fileEncoding = 4; lastKnownFileType = sourcecode.c.objc; path = RootViewController.m; sourceTree = "<group>"; };
		AD9F833B1468F17E005EE9A7 /* RootViewController.h */ = {isa = PBXFileReference; fileEncoding = 4; lastKnownFileType = sourcecode.c.h; path = RootViewController.h; sourceTree = "<group>"; };
		AD9F833C1468F17E005EE9A7 /* FirstDetailViewController.m */ = {isa = PBXFileReference; fileEncoding = 4; lastKnownFileType = sourcecode.c.objc; path = FirstDetailViewController.m; sourceTree = "<group>"; };
		AD9F833D1468F17E005EE9A7 /* FirstDetailViewController.h */ = {isa = PBXFileReference; fileEncoding = 4; lastKnownFileType = sourcecode.c.h; path = FirstDetailViewController.h; sourceTree = "<group>"; };
		ADA0709214738D9D001A52D1 /* RootView.xib */ = {isa = PBXFileReference; fileEncoding = 4; lastKnownFileType = file.xib; name = RootView.xib; path = ../RootView.xib; sourceTree = "<group>"; };
		ADA070C21474E042001A52D1 /* TaskViewController.h */ = {isa = PBXFileReference; fileEncoding = 4; lastKnownFileType = sourcecode.c.h; path = TaskViewController.h; sourceTree = "<group>"; };
		ADA070C31474E042001A52D1 /* TaskViewController.m */ = {isa = PBXFileReference; fileEncoding = 4; lastKnownFileType = sourcecode.c.objc; path = TaskViewController.m; sourceTree = "<group>"; };
		ADA070C41474E042001A52D1 /* TaskViewController.xib */ = {isa = PBXFileReference; fileEncoding = 4; lastKnownFileType = file.xib; path = TaskViewController.xib; sourceTree = "<group>"; };
		ADA070E81474F0D1001A52D1 /* ItemMenuListController.h */ = {isa = PBXFileReference; fileEncoding = 4; lastKnownFileType = sourcecode.c.h; path = ItemMenuListController.h; sourceTree = "<group>"; };
		ADA070E91474F0D2001A52D1 /* ItemMenuListController.m */ = {isa = PBXFileReference; fileEncoding = 4; lastKnownFileType = sourcecode.c.objc; path = ItemMenuListController.m; sourceTree = "<group>"; };
		ADAD75271467A6DE004C7704 /* GetListItemsService.h */ = {isa = PBXFileReference; fileEncoding = 4; lastKnownFileType = sourcecode.c.h; path = GetListItemsService.h; sourceTree = "<group>"; };
		ADAD75281467A6DE004C7704 /* GetListItemsService.m */ = {isa = PBXFileReference; fileEncoding = 4; lastKnownFileType = sourcecode.c.objc; path = GetListItemsService.m; sourceTree = "<group>"; };
		ADAD75331467B9BC004C7704 /* SPGetListItemsRequest.h */ = {isa = PBXFileReference; fileEncoding = 4; lastKnownFileType = sourcecode.c.h; path = SPGetListItemsRequest.h; sourceTree = "<group>"; };
		ADAD75341467B9BD004C7704 /* SPGetListItemsRequest.m */ = {isa = PBXFileReference; fileEncoding = 4; lastKnownFileType = sourcecode.c.objc; path = SPGetListItemsRequest.m; sourceTree = "<group>"; };
		ADDD79E114834DE600C22DC0 /* TaskEditViewController.h */ = {isa = PBXFileReference; fileEncoding = 4; lastKnownFileType = sourcecode.c.h; path = TaskEditViewController.h; sourceTree = "<group>"; };
		ADDD79E214834DE600C22DC0 /* TaskEditViewController.m */ = {isa = PBXFileReference; fileEncoding = 4; lastKnownFileType = sourcecode.c.objc; path = TaskEditViewController.m; sourceTree = "<group>"; };
		ADDD79E314834DE600C22DC0 /* TaskEditViewController.xib */ = {isa = PBXFileReference; fileEncoding = 4; lastKnownFileType = file.xib; path = TaskEditViewController.xib; sourceTree = "<group>"; };
		ADFA66451488ABAC002DDCFA /* SPUpdateItemRequest.h */ = {isa = PBXFileReference; fileEncoding = 4; lastKnownFileType = sourcecode.c.h; path = SPUpdateItemRequest.h; sourceTree = "<group>"; };
		ADFA66461488ABAC002DDCFA /* SPUpdateItemRequest.m */ = {isa = PBXFileReference; fileEncoding = 4; lastKnownFileType = sourcecode.c.objc; path = SPUpdateItemRequest.m; sourceTree = "<group>"; };
		ADFA66471488ABAC002DDCFA /* UpdateListItemsService.h */ = {isa = PBXFileReference; fileEncoding = 4; lastKnownFileType = sourcecode.c.h; path = UpdateListItemsService.h; sourceTree = "<group>"; };
		ADFA66481488ABAC002DDCFA /* UpdateListItemsService.m */ = {isa = PBXFileReference; fileEncoding = 4; lastKnownFileType = sourcecode.c.objc; path = UpdateListItemsService.m; sourceTree = "<group>"; };
/* End PBXFileReference section */

/* Begin PBXFrameworksBuildPhase section */
		0B9A659414564D220031E5C2 /* Frameworks */ = {
			isa = PBXFrameworksBuildPhase;
			buildActionMask = 2147483647;
			files = (
				0BAAF5171459413E003B4640 /* libz.dylib in Frameworks */,
				0B9A65A014564D220031E5C2 /* CoreGraphics.framework in Frameworks */,
				AD155604146CF99C001ACF38 /* MobileCoreServices.framework in Frameworks */,
				AD155602146CF98F001ACF38 /* SystemConfiguration.framework in Frameworks */,
				AD155600146CF980001ACF38 /* CFNetwork.framework in Frameworks */,
				AD7E6062145F95480093FFA3 /* libxml2.dylib in Frameworks */,
				0B672D9F1456BD5800EAE589 /* CoreText.framework in Frameworks */,
				0B672D9D1456BD4900EAE589 /* CoreData.framework in Frameworks */,
				0B9A659C14564D220031E5C2 /* UIKit.framework in Frameworks */,
				0B9A659E14564D220031E5C2 /* Foundation.framework in Frameworks */,
			);
			runOnlyForDeploymentPostprocessing = 0;
		};
		0B9A65B414564D220031E5C2 /* Frameworks */ = {
			isa = PBXFrameworksBuildPhase;
			buildActionMask = 2147483647;
			files = (
				0B9A65BA14564D220031E5C2 /* SenTestingKit.framework in Frameworks */,
				0B9A65BB14564D220031E5C2 /* UIKit.framework in Frameworks */,
				0B9A65BC14564D220031E5C2 /* Foundation.framework in Frameworks */,
			);
			runOnlyForDeploymentPostprocessing = 0;
		};
/* End PBXFrameworksBuildPhase section */

/* Begin PBXGroup section */
		001642B6147A1AA6005C3DF8 /* Resources */ = {
			isa = PBXGroup;
			children = (
				00F02D9F1488984900885225 /* checkmark.png */,
				001642BC147A1BE3005C3DF8 /* bg_btn_clear.png */,
				001642B8147A1B72005C3DF8 /* bg_btn_verify.png */,
				001642B9147A1B72005C3DF8 /* bg.png */,
			);
			path = Resources;
			sourceTree = "<group>";
		};
		00C7EED9147F37F100F21C6B /* iBoost */ = {
			isa = PBXGroup;
			children = (
				00C7EEDA147F37F100F21C6B /* Controls */,
				00C7EEE5147F37F100F21C6B /* Core */,
				00C7EF08147F37F100F21C6B /* Core Data */,
				00C7EF0B147F37F100F21C6B /* Message Center */,
			);
			path = iBoost;
			sourceTree = "<group>";
		};
		00C7EEDA147F37F100F21C6B /* Controls */ = {
			isa = PBXGroup;
			children = (
				00C7EEDB147F37F100F21C6B /* IBAlertView.h */,
				00C7EEDC147F37F100F21C6B /* IBAlertView.m */,
				00C7EEDD147F37F100F21C6B /* IBButton.h */,
				00C7EEDE147F37F100F21C6B /* IBButton.m */,
				00C7EEDF147F37F100F21C6B /* IBCoreTextLabel.h */,
				00C7EEE0147F37F100F21C6B /* IBCoreTextLabel.m */,
				00C7EEE1147F37F100F21C6B /* IBHTableView.h */,
				00C7EEE2147F37F100F21C6B /* IBHTableView.m */,
				00C7EEE3147F37F100F21C6B /* IBHTMLLabel.h */,
				00C7EEE4147F37F100F21C6B /* IBHTMLLabel.m */,
			);
			path = Controls;
			sourceTree = "<group>";
		};
		00C7EEE5147F37F100F21C6B /* Core */ = {
			isa = PBXGroup;
			children = (
				00C7EEE6147F37F100F21C6B /* Boosts */,
				00C7EEFF147F37F100F21C6B /* Functions.h */,
				00C7EF00147F37F100F21C6B /* Functions.m */,
				00C7EF01147F37F100F21C6B /* Macros */,
				00C7EF05147F37F100F21C6B /* Utils */,
			);
			path = Core;
			sourceTree = "<group>";
		};
		00C7EEE6147F37F100F21C6B /* Boosts */ = {
			isa = PBXGroup;
			children = (
				00C7EEE7147F37F100F21C6B /* CGContext+Boost.h */,
				00C7EEE8147F37F100F21C6B /* CGContext+Boost.m */,
				00C7EEE9147F37F100F21C6B /* NSArray+Boost.h */,
				00C7EEEA147F37F100F21C6B /* NSArray+Boost.m */,
				00C7EEEB147F37F100F21C6B /* NSDate+Boost.h */,
				00C7EEEC147F37F100F21C6B /* NSDate+Boost.m */,
				00C7EEED147F37F100F21C6B /* NSManagedObject+Boost.h */,
				00C7EEEE147F37F100F21C6B /* NSManagedObject+Boost.m */,
				00C7EEEF147F37F100F21C6B /* NSMutableArray+Boost.h */,
				00C7EEF0147F37F100F21C6B /* NSMutableArray+Boost.m */,
				00C7EEF1147F37F100F21C6B /* NSMutableString+Boost.h */,
				00C7EEF2147F37F100F21C6B /* NSMutableString+Boost.m */,
				00C7EEF3147F37F100F21C6B /* NSNumber+Boost.h */,
				00C7EEF4147F37F100F21C6B /* NSNumber+Boost.m */,
				00C7EEF5147F37F100F21C6B /* NSObject+Boost.h */,
				00C7EEF6147F37F100F21C6B /* NSObject+Boost.m */,
				00C7EEF7147F37F100F21C6B /* NSString+Boost.h */,
				00C7EEF8147F37F100F21C6B /* NSString+Boost.m */,
				00C7EEF9147F37F100F21C6B /* UIColor+Boost.h */,
				00C7EEFA147F37F100F21C6B /* UIColor+Boost.m */,
				00C7EEFB147F37F100F21C6B /* UIImage+Boost.h */,
				00C7EEFC147F37F100F21C6B /* UIImage+Boost.m */,
				00C7EEFD147F37F100F21C6B /* UIView+Boost.h */,
				00C7EEFE147F37F100F21C6B /* UIView+Boost.m */,
			);
			path = Boosts;
			sourceTree = "<group>";
		};
		00C7EF01147F37F100F21C6B /* Macros */ = {
			isa = PBXGroup;
			children = (
				00C7EF02147F37F100F21C6B /* Constants.h */,
				00C7EF03147F37F100F21C6B /* Macros.h */,
				00C7EF04147F37F100F21C6B /* Types.h */,
			);
			path = Macros;
			sourceTree = "<group>";
		};
		00C7EF05147F37F100F21C6B /* Utils */ = {
			isa = PBXGroup;
			children = (
				00C7EF06147F37F100F21C6B /* ViewUtil.h */,
				00C7EF07147F37F100F21C6B /* ViewUtil.m */,
			);
			path = Utils;
			sourceTree = "<group>";
		};
		00C7EF08147F37F100F21C6B /* Core Data */ = {
			isa = PBXGroup;
			children = (
				00C7EF09147F37F100F21C6B /* CoreDataStore.h */,
				00C7EF0A147F37F100F21C6B /* CoreDataStore.m */,
			);
			path = "Core Data";
			sourceTree = "<group>";
		};
		00C7EF0B147F37F100F21C6B /* Message Center */ = {
			isa = PBXGroup;
			children = (
				00C7EF0C147F37F100F21C6B /* Dispatch Messages */,
				00C7EF15147F37F100F21C6B /* DispatchMessage.h */,
				00C7EF16147F37F100F21C6B /* DispatchMessage.m */,
				00C7EF17147F37F100F21C6B /* MessageCenter.h */,
				00C7EF18147F37F100F21C6B /* MessageCenter.m */,
				00C7EF19147F37F100F21C6B /* MessageProcessor.h */,
				00C7EF1A147F37F100F21C6B /* MessageProcessor.m */,
			);
			path = "Message Center";
			sourceTree = "<group>";
		};
		00C7EF0C147F37F100F21C6B /* Dispatch Messages */ = {
			isa = PBXGroup;
			children = (
				00C7EF0D147F37F100F21C6B /* BlockBasedDispatchMessage.h */,
				00C7EF0E147F37F100F21C6B /* BlockBasedDispatchMessage.m */,
				00C7EF0F147F37F100F21C6B /* HTTPGetRequestMessage.h */,
				00C7EF10147F37F100F21C6B /* HTTPGetRequestMessage.m */,
				00C7EF11147F37F100F21C6B /* HTTPPostRequestMessage.h */,
				00C7EF12147F37F100F21C6B /* HTTPPostRequestMessage.m */,
				00C7EF13147F37F100F21C6B /* SequencedMessage.h */,
				00C7EF14147F37F100F21C6B /* SequencedMessage.m */,
			);
			path = "Dispatch Messages";
			sourceTree = "<group>";
		};
		00C7EF36147F3F1400F21C6B /* ASIHTTPRequest */ = {
			isa = PBXGroup;
			children = (
				00C7EF37147F3F1400F21C6B /* ASIAuthenticationDialog.h */,
				00C7EF38147F3F1400F21C6B /* ASIAuthenticationDialog.m */,
				00C7EF39147F3F1400F21C6B /* ASICacheDelegate.h */,
				00C7EF3A147F3F1400F21C6B /* ASIDataCompressor.h */,
				00C7EF3B147F3F1400F21C6B /* ASIDataCompressor.m */,
				00C7EF3C147F3F1400F21C6B /* ASIDataDecompressor.h */,
				00C7EF3D147F3F1400F21C6B /* ASIDataDecompressor.m */,
				00C7EF3E147F3F1400F21C6B /* ASIDownloadCache.h */,
				00C7EF3F147F3F1400F21C6B /* ASIDownloadCache.m */,
				00C7EF40147F3F1400F21C6B /* ASIFormDataRequest.h */,
				00C7EF41147F3F1400F21C6B /* ASIFormDataRequest.m */,
				00C7EF42147F3F1400F21C6B /* ASIHTTPRequest.h */,
				00C7EF43147F3F1400F21C6B /* ASIHTTPRequest.m */,
				00C7EF44147F3F1400F21C6B /* ASIHTTPRequestConfig.h */,
				00C7EF45147F3F1400F21C6B /* ASIHTTPRequestDelegate.h */,
				00C7EF46147F3F1400F21C6B /* ASIInputStream.h */,
				00C7EF47147F3F1400F21C6B /* ASIInputStream.m */,
				00C7EF48147F3F1400F21C6B /* ASINetworkQueue.h */,
				00C7EF49147F3F1400F21C6B /* ASINetworkQueue.m */,
				00C7EF4A147F3F1400F21C6B /* ASIProgressDelegate.h */,
				00C7EF4E147F3F1400F21C6B /* Reachability.h */,
				00C7EF4F147F3F1400F21C6B /* Reachability.m */,
				00C7EF4B147F3F1400F21C6B /* ASIWebPageRequest */,
			);
			path = ASIHTTPRequest;
			sourceTree = "<group>";
		};
		00C7EF4B147F3F1400F21C6B /* ASIWebPageRequest */ = {
			isa = PBXGroup;
			children = (
				00C7EF4C147F3F1400F21C6B /* ASIWebPageRequest.h */,
				00C7EF4D147F3F1400F21C6B /* ASIWebPageRequest.m */,
			);
			path = ASIWebPageRequest;
			sourceTree = "<group>";
		};
		00C7EF5A147F427000F21C6B /* Controllers */ = {
			isa = PBXGroup;
			children = (
				ADDD79E114834DE600C22DC0 /* TaskEditViewController.h */,
				ADDD79E214834DE600C22DC0 /* TaskEditViewController.m */,
				ADDD79E314834DE600C22DC0 /* TaskEditViewController.xib */,
				ADA070E81474F0D1001A52D1 /* ItemMenuListController.h */,
				ADA070E91474F0D2001A52D1 /* ItemMenuListController.m */,
				0B930F7B1467B8AB007189E7 /* SPAuthenticationView.h */,
				0B930F7C1467B8AB007189E7 /* SPAuthenticationView.m */,
				0B930F7D1467B8AF007189E7 /* SPAuthenticationView.xib */,
				ADA070C21474E042001A52D1 /* TaskViewController.h */,
				ADA070C31474E042001A52D1 /* TaskViewController.m */,
				ADA070C41474E042001A52D1 /* TaskViewController.xib */,
				AD9F833B1468F17E005EE9A7 /* RootViewController.h */,
				AD9F833A1468F17E005EE9A7 /* RootViewController.m */,
				ADA0709214738D9D001A52D1 /* RootView.xib */,
				AD9F833D1468F17E005EE9A7 /* FirstDetailViewController.h */,
				AD9F833C1468F17E005EE9A7 /* FirstDetailViewController.m */,
				AD3D8B09146A6832009F7D49 /* FirstDetailView.xib */,
			);
			name = Controllers;
			sourceTree = "<group>";
		};
		00C7EF5B147F42EF00F21C6B /* Models */ = {
			isa = PBXGroup;
			children = (
				00E24E0A148370E600B203D8 /* SPSettings.h */,
				00E24E0B148370E600B203D8 /* SPSettings.m */,
				00E24E07148370CB00B203D8 /* SPListItem.h */,
				00E24E08148370CB00B203D8 /* SPListItem.m */,
			);
			name = Models;
			sourceTree = "<group>";
		};
		00F02D931488721B00885225 /* MBProgressHUD */ = {
			isa = PBXGroup;
			children = (
				00F02D951488723A00885225 /* MBProgressHUD.h */,
				00F02D961488723A00885225 /* MBProgressHUD.m */,
				00F02D9C1488978200885225 /* MBProgressHUD+Extensions.h */,
				00F02D9D1488978200885225 /* MBProgressHUD+Extensions.m */,
			);
			path = MBProgressHUD;
			sourceTree = "<group>";
		};
		0B672D351456B4EE00EAE589 /* 3rdParty */ = {
			isa = PBXGroup;
			children = (
				00C7EF36147F3F1400F21C6B /* ASIHTTPRequest */,
				0BC2F93D1460F8D300292406 /* GoogleXML */,
				00C7EED9147F37F100F21C6B /* iBoost */,
				00F02D931488721B00885225 /* MBProgressHUD */,
				0BAAF50B145940FD003B4640 /* RaptureXML */,
			);
			path = 3rdParty;
			sourceTree = "<group>";
		};
		0B672D361456B4EE00EAE589 /* Classes */ = {
			isa = PBXGroup;
			children = (
				0B672DD81456C94B00EAE589 /* SPAppDelegate.h */,
				0B672DD91456C94B00EAE589 /* SPAppDelegate.m */,
				00C7EF5A147F427000F21C6B /* Controllers */,
				0BDDD79B1461552900FD34D2 /* Common */,
				00C7EF5B147F42EF00F21C6B /* Models */,
				0B672DB01456C0B900EAE589 /* Soap */,
			);
			path = Classes;
			sourceTree = "<group>";
		};
		0B672D371456B4EE00EAE589 /* Utils */ = {
			isa = PBXGroup;
			children = (
				0BAAF4F11459046F003B4640 /* Extensions */,
				0B672DBA1456C37900EAE589 /* Log */,
				0B672DAA1456C07900EAE589 /* XML */,
				00B128CD1474AF2C007F65B6 /* UtilsFunc.h */,
				00B128CE1474AF2C007F65B6 /* UtilsFunc.m */,
			);
			path = Utils;
			sourceTree = "<group>";
		};
		0B672DA11456BF4400EAE589 /* Classes */ = {
			isa = PBXGroup;
			children = (
				0B672DA21456BF4400EAE589 /* SPTests.h */,
				0B672DA31456BF4400EAE589 /* SPTests.m */,
			);
			path = Classes;
			sourceTree = "<group>";
		};
		0B672DAA1456C07900EAE589 /* XML */ = {
			isa = PBXGroup;
			children = (
				0B672DAB1456C07900EAE589 /* XMLWriter */,
			);
			path = XML;
			sourceTree = "<group>";
		};
		0B672DAB1456C07900EAE589 /* XMLWriter */ = {
			isa = PBXGroup;
			children = (
				0B672DAC1456C07900EAE589 /* XMLSerializable.h */,
				0B672DAD1456C07900EAE589 /* XMLWriter.h */,
				0B672DAE1456C07900EAE589 /* XMLWriter.m */,
			);
			path = XMLWriter;
			sourceTree = "<group>";
		};
		0B672DB01456C0B900EAE589 /* Soap */ = {
			isa = PBXGroup;
			children = (
				0BDDD7951461306F00FD34D2 /* SoapEntity.h */,
				0BDDD7961461307000FD34D2 /* SoapEntity.m */,
				0B672DCC1456C4F100EAE589 /* SoapEnveloper.h */,
				0B672DCD1456C4F100EAE589 /* SoapEnveloper.m */,
				0BA7EB661463BF540055255D /* SoapRequest.h */,
				0BA7EB671463BF550055255D /* SoapRequest.m */,
				0B672DCE1456C4F100EAE589 /* SoapServiceBase.h */,
				0B672DCF1456C4F100EAE589 /* SoapServiceBase.m */,
				0B672DD01456C4F100EAE589 /* SoapUtil.h */,
				0B672DD11456C4F100EAE589 /* SoapUtil.m */,
				0B672DBE1456C41000EAE589 /* SoapEntity */,
				0B672DBF1456C41E00EAE589 /* SoapService */,
			);
			path = Soap;
			sourceTree = "<group>";
		};
		0B672DBA1456C37900EAE589 /* Log */ = {
			isa = PBXGroup;
			children = (
				0B672DD51456C54000EAE589 /* UTLDebug.h */,
				0B672DD61456C54000EAE589 /* UTLDebug.m */,
			);
			path = Log;
			sourceTree = "<group>";
		};
		0B672DBE1456C41000EAE589 /* SoapEntity */ = {
			isa = PBXGroup;
			children = (
				AD7E6058145F94960093FFA3 /* ListInfo.h */,
				AD7E6057145F94960093FFA3 /* ListInfo.m */,
				0BA7EB621463B2BB0055255D /* SPSimpleSoapRequest.h */,
				0BA7EB631463B2BB0055255D /* SPSimpleSoapRequest.m */,
				0B930F781467AC17007189E7 /* SPSoapRequest.h */,
				0B930F791467AC18007189E7 /* SPSoapRequest.m */,
				0BA7EB691463C3B00055255D /* SPSoapRequestBuilder.h */,
				0BA7EB6A1463C3B00055255D /* SPSoapRequestBuilder.m */,
				ADAD75331467B9BC004C7704 /* SPGetListItemsRequest.h */,
				ADAD75341467B9BD004C7704 /* SPGetListItemsRequest.m */,
				ADFA66451488ABAC002DDCFA /* SPUpdateItemRequest.h */,
				ADFA66461488ABAC002DDCFA /* SPUpdateItemRequest.m */,
			);
			name = SoapEntity;
			sourceTree = "<group>";
		};
		0B672DBF1456C41E00EAE589 /* SoapService */ = {
			isa = PBXGroup;
			children = (
				AD7E605B145F949D0093FFA3 /* GetListCollectionService.h */,
				AD7E605A145F949D0093FFA3 /* GetListCollectionService.m */,
				0B672DC91456C4D000EAE589 /* GetUserInfoService.h */,
				0B672DCA1456C4D000EAE589 /* GetUserInfoService.m */,
				0B930F7214676EF9007189E7 /* SPLoginAuthenticationService.h */,
				0B930F7314676EF9007189E7 /* SPLoginAuthenticationService.m */,
				0B930F75146777BB007189E7 /* SPModeService.h */,
				0B930F76146777BB007189E7 /* SPModeService.m */,
				0BDDD798146147C100FD34D2 /* SPSoapService.h */,
				0BDDD799146147C100FD34D2 /* SPSoapService.m */,
				ADAD75271467A6DE004C7704 /* GetListItemsService.h */,
				ADAD75281467A6DE004C7704 /* GetListItemsService.m */,
				ADFA66471488ABAC002DDCFA /* UpdateListItemsService.h */,
				ADFA66481488ABAC002DDCFA /* UpdateListItemsService.m */,
			);
			name = SoapService;
			sourceTree = "<group>";
		};
		0B9A658C14564D210031E5C2 = {
			isa = PBXGroup;
			children = (
				0B9A65A114564D220031E5C2 /* SP */,
				0B9A65BF14564D220031E5C2 /* SPTests */,
				0B9A659A14564D220031E5C2 /* Frameworks */,
				0B9A659814564D220031E5C2 /* Products */,
			);
			sourceTree = "<group>";
		};
		0B9A659814564D220031E5C2 /* Products */ = {
			isa = PBXGroup;
			children = (
				0B9A659714564D220031E5C2 /* SP.app */,
				0B9A65B814564D220031E5C2 /* SPTests.octest */,
			);
			name = Products;
			sourceTree = "<group>";
		};
		0B9A659A14564D220031E5C2 /* Frameworks */ = {
			isa = PBXGroup;
			children = (
				AD155603146CF99C001ACF38 /* MobileCoreServices.framework */,
				AD155601146CF98F001ACF38 /* SystemConfiguration.framework */,
				AD1555FF146CF980001ACF38 /* CFNetwork.framework */,
				0B672D9C1456BD4900EAE589 /* CoreData.framework */,
				0B9A659F14564D220031E5C2 /* CoreGraphics.framework */,
				0B672D9E1456BD5800EAE589 /* CoreText.framework */,
				0B9A659D14564D220031E5C2 /* Foundation.framework */,
				AD7E6061145F95480093FFA3 /* libxml2.dylib */,
				0BAAF5161459413E003B4640 /* libz.dylib */,
				0B9A65B914564D220031E5C2 /* SenTestingKit.framework */,
				0B9A659B14564D220031E5C2 /* UIKit.framework */,
			);
			name = Frameworks;
			sourceTree = "<group>";
		};
		0B9A65A114564D220031E5C2 /* SP */ = {
			isa = PBXGroup;
			children = (
				001642B6147A1AA6005C3DF8 /* Resources */,
				0B672D351456B4EE00EAE589 /* 3rdParty */,
				0B672D361456B4EE00EAE589 /* Classes */,
				0B672D371456B4EE00EAE589 /* Utils */,
				0B9A65A214564D220031E5C2 /* Supporting Files */,
			);
			path = SP;
			sourceTree = "<group>";
		};
		0B9A65A214564D220031E5C2 /* Supporting Files */ = {
			isa = PBXGroup;
			children = (
				AD3D8B12146A6962009F7D49 /* MainWindow.xib */,
				0B9A65A314564D220031E5C2 /* SP-Info.plist */,
				0B9A65A414564D220031E5C2 /* InfoPlist.strings */,
				0B9A65A714564D220031E5C2 /* main.m */,
				0B9A65A914564D220031E5C2 /* SP-Prefix.pch */,
				00E24E001483608000B203D8 /* SPDataModel.xcdatamodeld */,
			);
			name = "Supporting Files";
			sourceTree = "<group>";
		};
		0B9A65BF14564D220031E5C2 /* SPTests */ = {
			isa = PBXGroup;
			children = (
				0BAAF4FE14591A0D003B4640 /* Utils */,
				0B672DA11456BF4400EAE589 /* Classes */,
				0B9A65C014564D220031E5C2 /* Supporting Files */,
			);
			path = SPTests;
			sourceTree = "<group>";
		};
		0B9A65C014564D220031E5C2 /* Supporting Files */ = {
			isa = PBXGroup;
			children = (
				0B9A65C114564D220031E5C2 /* SPTests-Info.plist */,
				0B9A65C214564D220031E5C2 /* InfoPlist.strings */,
			);
			name = "Supporting Files";
			sourceTree = "<group>";
		};
		0BAAF4F11459046F003B4640 /* Extensions */ = {
			isa = PBXGroup;
			children = (
				0BAAF4F3145904A9003B4640 /* NSObject+AssociativeReferences.h */,
				0BAAF4F4145904A9003B4640 /* NSObject+AssociativeReferences.m */,
			);
			path = Extensions;
			sourceTree = "<group>";
		};
		0BAAF4FE14591A0D003B4640 /* Utils */ = {
			isa = PBXGroup;
			children = (
				0BAAF4FF14591A0D003B4640 /* Extensions */,
			);
			path = Utils;
			sourceTree = "<group>";
		};
		0BAAF4FF14591A0D003B4640 /* Extensions */ = {
			isa = PBXGroup;
			children = (
				0BAAF50014591ACE003B4640 /* NSObjAssoRefTests.h */,
				0BAAF50114591ACE003B4640 /* NSObjAssoRefTests.m */,
			);
			path = Extensions;
			sourceTree = "<group>";
		};
		0BAAF50B145940FD003B4640 /* RaptureXML */ = {
			isa = PBXGroup;
			children = (
				0BAAF50C145940FD003B4640 /* NSDataAdditions.h */,
				0BAAF50D145940FD003B4640 /* NSDataAdditions.m */,
				0BAAF50E145940FD003B4640 /* RXMLElement.h */,
				0BAAF50F145940FD003B4640 /* RXMLElement.m */,
				0BAAF510145940FD003B4640 /* TBXML.h */,
				0BAAF511145940FD003B4640 /* TBXML.m */,
			);
			path = RaptureXML;
			sourceTree = "<group>";
		};
		0BC2F93D1460F8D300292406 /* GoogleXML */ = {
			isa = PBXGroup;
			children = (
				0BC2F93E1460F93100292406 /* GDataXMLNode.h */,
				0BC2F93F1460F93100292406 /* GDataXMLNode.m */,
			);
			path = GoogleXML;
			sourceTree = "<group>";
		};
		0BDDD79B1461552900FD34D2 /* Common */ = {
			isa = PBXGroup;
			children = (
				00E24E101483AC2B00B203D8 /* NSManagedObject+SPExtensions.h */,
				00E24E111483AC2B00B203D8 /* NSManagedObject+SPExtensions.m */,
				0BDDD7A31461607300FD34D2 /* NSObject+SPExtensions.h */,
				0BDDD7A41461607300FD34D2 /* NSObject+SPExtensions.m */,
				0BDDD7A01461586C00FD34D2 /* SPCachedData.h */,
				0BDDD7A11461586C00FD34D2 /* SPCachedData.m */,
				00476A1F147C8D2B008C42D6 /* SPCommon.h */,
				00476A20147C8D2B008C42D6 /* SPCommon.m */,
				0BDDD79D146156A200FD34D2 /* SPConst.h */,
				00E24E0414836FDB00B203D8 /* SPCoreDataUtil.h */,
				00E24E0514836FDB00B203D8 /* SPCoreDataUtil.m */,
			);
			name = Common;
			sourceTree = "<group>";
		};
/* End PBXGroup section */

/* Begin PBXNativeTarget section */
		0B9A659614564D220031E5C2 /* SP */ = {
			isa = PBXNativeTarget;
			buildConfigurationList = 0B9A65CA14564D220031E5C2 /* Build configuration list for PBXNativeTarget "SP" */;
			buildPhases = (
				0B9A659314564D220031E5C2 /* Sources */,
				0B9A659414564D220031E5C2 /* Frameworks */,
				0B9A659514564D220031E5C2 /* Resources */,
			);
			buildRules = (
			);
			dependencies = (
			);
			name = SP;
			productName = SP;
			productReference = 0B9A659714564D220031E5C2 /* SP.app */;
			productType = "com.apple.product-type.application";
		};
		0B9A65B714564D220031E5C2 /* SPTests */ = {
			isa = PBXNativeTarget;
			buildConfigurationList = 0B9A65CD14564D220031E5C2 /* Build configuration list for PBXNativeTarget "SPTests" */;
			buildPhases = (
				0B9A65B314564D220031E5C2 /* Sources */,
				0B9A65B414564D220031E5C2 /* Frameworks */,
				0B9A65B514564D220031E5C2 /* Resources */,
				0B9A65B614564D220031E5C2 /* ShellScript */,
			);
			buildRules = (
			);
			dependencies = (
				0B9A65BE14564D220031E5C2 /* PBXTargetDependency */,
			);
			name = SPTests;
			productName = SPTests;
			productReference = 0B9A65B814564D220031E5C2 /* SPTests.octest */;
			productType = "com.apple.product-type.bundle";
		};
/* End PBXNativeTarget section */

/* Begin PBXProject section */
		0B9A658E14564D210031E5C2 /* Project object */ = {
			isa = PBXProject;
			attributes = {
				LastUpgradeCheck = 0420;
			};
			buildConfigurationList = 0B9A659114564D210031E5C2 /* Build configuration list for PBXProject "SP" */;
			compatibilityVersion = "Xcode 3.2";
			developmentRegion = English;
			hasScannedForEncodings = 0;
			knownRegions = (
				en,
				English,
				de,
				fr,
			);
			mainGroup = 0B9A658C14564D210031E5C2;
			productRefGroup = 0B9A659814564D220031E5C2 /* Products */;
			projectDirPath = "";
			projectRoot = "";
			targets = (
				0B9A659614564D220031E5C2 /* SP */,
				0B9A65B714564D220031E5C2 /* SPTests */,
			);
		};
/* End PBXProject section */

/* Begin PBXResourcesBuildPhase section */
		0B9A659514564D220031E5C2 /* Resources */ = {
			isa = PBXResourcesBuildPhase;
			buildActionMask = 2147483647;
			files = (
				0B9A65A614564D220031E5C2 /* InfoPlist.strings in Resources */,
				0B930F7F1467B8B1007189E7 /* SPAuthenticationView.xib in Resources */,
				AD3D8B0A146A6832009F7D49 /* FirstDetailView.xib in Resources */,
				AD3D8B13146A6962009F7D49 /* MainWindow.xib in Resources */,
				ADA0709314738D9D001A52D1 /* RootView.xib in Resources */,
				ADA070C61474E042001A52D1 /* TaskViewController.xib in Resources */,
				001642BA147A1B72005C3DF8 /* bg_btn_verify.png in Resources */,
				001642BB147A1B72005C3DF8 /* bg.png in Resources */,
				001642BD147A1BE3005C3DF8 /* bg_btn_clear.png in Resources */,
				ADDD79E514834DE600C22DC0 /* TaskEditViewController.xib in Resources */,
				00F02DA01488984900885225 /* checkmark.png in Resources */,
			);
			runOnlyForDeploymentPostprocessing = 0;
		};
		0B9A65B514564D220031E5C2 /* Resources */ = {
			isa = PBXResourcesBuildPhase;
			buildActionMask = 2147483647;
			files = (
				0B9A65C414564D220031E5C2 /* InfoPlist.strings in Resources */,
			);
			runOnlyForDeploymentPostprocessing = 0;
		};
/* End PBXResourcesBuildPhase section */

/* Begin PBXShellScriptBuildPhase section */
		0B9A65B614564D220031E5C2 /* ShellScript */ = {
			isa = PBXShellScriptBuildPhase;
			buildActionMask = 2147483647;
			files = (
			);
			inputPaths = (
			);
			outputPaths = (
			);
			runOnlyForDeploymentPostprocessing = 0;
			shellPath = /bin/sh;
			shellScript = "# Run the unit tests in this test bundle.\n\"${SYSTEM_DEVELOPER_DIR}/Tools/RunUnitTests\"\n";
		};
/* End PBXShellScriptBuildPhase section */

/* Begin PBXSourcesBuildPhase section */
		0B9A659314564D220031E5C2 /* Sources */ = {
			isa = PBXSourcesBuildPhase;
			buildActionMask = 2147483647;
			files = (
				0B9A65A814564D220031E5C2 /* main.m in Sources */,
				0B672DAF1456C07900EAE589 /* XMLWriter.m in Sources */,
				0B672DCB1456C4D000EAE589 /* GetUserInfoService.m in Sources */,
				0B672DD21456C4F100EAE589 /* SoapEnveloper.m in Sources */,
				0B672DD31456C4F100EAE589 /* SoapServiceBase.m in Sources */,
				0B672DD41456C4F100EAE589 /* SoapUtil.m in Sources */,
				0B672DD71456C54000EAE589 /* UTLDebug.m in Sources */,
				0B672DDC1456C94C00EAE589 /* SPAppDelegate.m in Sources */,
				AD7E6059145F94960093FFA3 /* ListInfo.m in Sources */,
				AD7E605C145F949D0093FFA3 /* GetListCollectionService.m in Sources */,
				0BAAF4F5145904A9003B4640 /* NSObject+AssociativeReferences.m in Sources */,
				0BAAF512145940FD003B4640 /* NSDataAdditions.m in Sources */,
				0BAAF513145940FD003B4640 /* RXMLElement.m in Sources */,
				0BAAF514145940FD003B4640 /* TBXML.m in Sources */,
				0BC2F9401460F93100292406 /* GDataXMLNode.m in Sources */,
				0BDDD7971461307000FD34D2 /* SoapEntity.m in Sources */,
				0BDDD79A146147C100FD34D2 /* SPSoapService.m in Sources */,
				0BDDD7A21461586C00FD34D2 /* SPCachedData.m in Sources */,
				0BDDD7A51461607300FD34D2 /* NSObject+SPExtensions.m in Sources */,
				0BA7EB641463B2BB0055255D /* SPSimpleSoapRequest.m in Sources */,
				0BA7EB681463BF560055255D /* SoapRequest.m in Sources */,
				0BA7EB6B1463C3B10055255D /* SPSoapRequestBuilder.m in Sources */,
				0B930F7414676EF9007189E7 /* SPLoginAuthenticationService.m in Sources */,
				0B930F77146777BB007189E7 /* SPModeService.m in Sources */,
				0B930F7A1467AC18007189E7 /* SPSoapRequest.m in Sources */,
				ADAD75291467A6DE004C7704 /* GetListItemsService.m in Sources */,
				ADAD75351467B9BF004C7704 /* SPGetListItemsRequest.m in Sources */,
				AD9F833F1468F17E005EE9A7 /* RootViewController.m in Sources */,
				AD9F83401468F17E005EE9A7 /* FirstDetailViewController.m in Sources */,
				0B930F7E1467B8B1007189E7 /* SPAuthenticationView.m in Sources */,
				00B128CF1474AF2C007F65B6 /* UtilsFunc.m in Sources */,
				ADA070C51474E042001A52D1 /* TaskViewController.m in Sources */,
				00476A21147C8D2B008C42D6 /* SPCommon.m in Sources */,
				ADA070EA1474F0D2001A52D1 /* ItemMenuListController.m in Sources */,
				00C7EF1B147F37F100F21C6B /* IBAlertView.m in Sources */,
				00C7EF1C147F37F100F21C6B /* IBButton.m in Sources */,
				00C7EF1D147F37F100F21C6B /* IBCoreTextLabel.m in Sources */,
				00C7EF1E147F37F100F21C6B /* IBHTableView.m in Sources */,
				00C7EF1F147F37F100F21C6B /* IBHTMLLabel.m in Sources */,
				00C7EF20147F37F100F21C6B /* CGContext+Boost.m in Sources */,
				00C7EF21147F37F100F21C6B /* NSArray+Boost.m in Sources */,
				00C7EF22147F37F100F21C6B /* NSDate+Boost.m in Sources */,
				00C7EF23147F37F100F21C6B /* NSManagedObject+Boost.m in Sources */,
				00C7EF24147F37F100F21C6B /* NSMutableArray+Boost.m in Sources */,
				00C7EF25147F37F100F21C6B /* NSMutableString+Boost.m in Sources */,
				00C7EF26147F37F100F21C6B /* NSNumber+Boost.m in Sources */,
				00C7EF27147F37F100F21C6B /* NSObject+Boost.m in Sources */,
				00C7EF28147F37F100F21C6B /* NSString+Boost.m in Sources */,
				00C7EF29147F37F100F21C6B /* UIColor+Boost.m in Sources */,
				00C7EF2A147F37F100F21C6B /* UIImage+Boost.m in Sources */,
				00C7EF2B147F37F100F21C6B /* UIView+Boost.m in Sources */,
				00C7EF2C147F37F100F21C6B /* Functions.m in Sources */,
				00C7EF2D147F37F100F21C6B /* ViewUtil.m in Sources */,
				00C7EF2E147F37F100F21C6B /* CoreDataStore.m in Sources */,
				00C7EF2F147F37F100F21C6B /* BlockBasedDispatchMessage.m in Sources */,
				00C7EF30147F37F100F21C6B /* HTTPGetRequestMessage.m in Sources */,
				00C7EF31147F37F200F21C6B /* HTTPPostRequestMessage.m in Sources */,
				00C7EF32147F37F200F21C6B /* SequencedMessage.m in Sources */,
				00C7EF33147F37F200F21C6B /* DispatchMessage.m in Sources */,
				00C7EF34147F37F200F21C6B /* MessageCenter.m in Sources */,
				00C7EF35147F37F200F21C6B /* MessageProcessor.m in Sources */,
				00C7EF50147F3F1400F21C6B /* ASIAuthenticationDialog.m in Sources */,
				00C7EF51147F3F1400F21C6B /* ASIDataCompressor.m in Sources */,
				00C7EF52147F3F1400F21C6B /* ASIDataDecompressor.m in Sources */,
				00C7EF53147F3F1400F21C6B /* ASIDownloadCache.m in Sources */,
				00C7EF54147F3F1400F21C6B /* ASIFormDataRequest.m in Sources */,
				00C7EF55147F3F1400F21C6B /* ASIHTTPRequest.m in Sources */,
				00C7EF56147F3F1400F21C6B /* ASIInputStream.m in Sources */,
				00C7EF57147F3F1400F21C6B /* ASINetworkQueue.m in Sources */,
				00C7EF58147F3F1400F21C6B /* ASIWebPageRequest.m in Sources */,
				00C7EF59147F3F1400F21C6B /* Reachability.m in Sources */,
				ADDD79E414834DE600C22DC0 /* TaskEditViewController.m in Sources */,
				00E24E021483608000B203D8 /* SPDataModel.xcdatamodeld in Sources */,
				00E24E0614836FDB00B203D8 /* SPCoreDataUtil.m in Sources */,
				00E24E09148370CB00B203D8 /* SPListItem.m in Sources */,
				00E24E0C148370E600B203D8 /* SPSettings.m in Sources */,
				00E24E121483AC2B00B203D8 /* NSManagedObject+SPExtensions.m in Sources */,
				00F02D971488723A00885225 /* MBProgressHUD.m in Sources */,
				00F02D9E1488978200885225 /* MBProgressHUD+Extensions.m in Sources */,
				ADFA66491488ABAC002DDCFA /* SPUpdateItemRequest.m in Sources */,
				ADFA664A1488ABAC002DDCFA /* UpdateListItemsService.m in Sources */,
			);
			runOnlyForDeploymentPostprocessing = 0;
		};
		0B9A65B314564D220031E5C2 /* Sources */ = {
			isa = PBXSourcesBuildPhase;
			buildActionMask = 2147483647;
			files = (
				0B672DA41456BF4400EAE589 /* SPTests.m in Sources */,
				0BAAF50214591ACE003B4640 /* NSObjAssoRefTests.m in Sources */,
			);
			runOnlyForDeploymentPostprocessing = 0;
		};
/* End PBXSourcesBuildPhase section */

/* Begin PBXTargetDependency section */
		0B9A65BE14564D220031E5C2 /* PBXTargetDependency */ = {
			isa = PBXTargetDependency;
			target = 0B9A659614564D220031E5C2 /* SP */;
			targetProxy = 0B9A65BD14564D220031E5C2 /* PBXContainerItemProxy */;
		};
/* End PBXTargetDependency section */

/* Begin PBXVariantGroup section */
		0B9A65A414564D220031E5C2 /* InfoPlist.strings */ = {
			isa = PBXVariantGroup;
			children = (
				0B9A65A514564D220031E5C2 /* en */,
			);
			name = InfoPlist.strings;
			sourceTree = "<group>";
		};
		0B9A65C214564D220031E5C2 /* InfoPlist.strings */ = {
			isa = PBXVariantGroup;
			children = (
				0B9A65C314564D220031E5C2 /* en */,
			);
			name = InfoPlist.strings;
			sourceTree = "<group>";
		};
/* End PBXVariantGroup section */

/* Begin XCBuildConfiguration section */
		0B9A65C814564D220031E5C2 /* Debug */ = {
			isa = XCBuildConfiguration;
			buildSettings = {
				ALWAYS_SEARCH_USER_PATHS = NO;
				ARCHS = "$(ARCHS_STANDARD_32_BIT)";
				"CODE_SIGN_IDENTITY[sdk=iphoneos*]" = "iPhone Developer";
				COPY_PHASE_STRIP = NO;
				GCC_C_LANGUAGE_STANDARD = gnu99;
				GCC_DYNAMIC_NO_PIC = NO;
				GCC_OPTIMIZATION_LEVEL = 0;
				GCC_PREPROCESSOR_DEFINITIONS = (
					"DEBUG=1",
					"$(inherited)",
				);
				GCC_SYMBOLS_PRIVATE_EXTERN = NO;
				GCC_VERSION = com.apple.compilers.llvm.clang.1_0;
				GCC_WARN_ABOUT_MISSING_PROTOTYPES = YES;
				GCC_WARN_ABOUT_RETURN_TYPE = YES;
				GCC_WARN_UNUSED_VARIABLE = YES;
				IPHONEOS_DEPLOYMENT_TARGET = 5.0;
				OTHER_CFLAGS = "-DUTLDEBUG";
				SDKROOT = iphoneos;
				TARGETED_DEVICE_FAMILY = 2;
			};
			name = Debug;
		};
		0B9A65C914564D220031E5C2 /* Release */ = {
			isa = XCBuildConfiguration;
			buildSettings = {
				ALWAYS_SEARCH_USER_PATHS = NO;
				ARCHS = "$(ARCHS_STANDARD_32_BIT)";
				"CODE_SIGN_IDENTITY[sdk=iphoneos*]" = "iPhone Developer";
				COPY_PHASE_STRIP = YES;
				GCC_C_LANGUAGE_STANDARD = gnu99;
				GCC_VERSION = com.apple.compilers.llvm.clang.1_0;
				GCC_WARN_ABOUT_MISSING_PROTOTYPES = YES;
				GCC_WARN_ABOUT_RETURN_TYPE = YES;
				GCC_WARN_UNUSED_VARIABLE = YES;
				IPHONEOS_DEPLOYMENT_TARGET = 5.0;
				OTHER_CFLAGS = "-DNS_BLOCK_ASSERTIONS=1";
				SDKROOT = iphoneos;
				TARGETED_DEVICE_FAMILY = 2;
				VALIDATE_PRODUCT = YES;
			};
			name = Release;
		};
		0B9A65CB14564D220031E5C2 /* Debug */ = {
			isa = XCBuildConfiguration;
			buildSettings = {
				GCC_PRECOMPILE_PREFIX_HEADER = YES;
				GCC_PREFIX_HEADER = "SP/SP-Prefix.pch";
				HEADER_SEARCH_PATHS = "/usr/include/libxml2/**";
				INFOPLIST_FILE = "SP/SP-Info.plist";
				IPHONEOS_DEPLOYMENT_TARGET = 5.0;
				LIBRARY_SEARCH_PATHS = "$(inherited)";
				PRODUCT_NAME = "$(TARGET_NAME)";
				TARGETED_DEVICE_FAMILY = 2;
				WRAPPER_EXTENSION = app;
			};
			name = Debug;
		};
		0B9A65CC14564D220031E5C2 /* Release */ = {
			isa = XCBuildConfiguration;
			buildSettings = {
				GCC_PRECOMPILE_PREFIX_HEADER = YES;
				GCC_PREFIX_HEADER = "SP/SP-Prefix.pch";
				HEADER_SEARCH_PATHS = "/usr/include/libxml2/**";
				INFOPLIST_FILE = "SP/SP-Info.plist";
				IPHONEOS_DEPLOYMENT_TARGET = 5.0;
				LIBRARY_SEARCH_PATHS = "$(inherited)";
				PRODUCT_NAME = "$(TARGET_NAME)";
				TARGETED_DEVICE_FAMILY = 2;
				WRAPPER_EXTENSION = app;
			};
			name = Release;
		};
		0B9A65CE14564D220031E5C2 /* Debug */ = {
			isa = XCBuildConfiguration;
			buildSettings = {
				BUNDLE_LOADER = "$(BUILT_PRODUCTS_DIR)/SP.app/SP";
				FRAMEWORK_SEARCH_PATHS = (
					"$(SDKROOT)/Developer/Library/Frameworks",
					"$(DEVELOPER_LIBRARY_DIR)/Frameworks",
				);
				GCC_PRECOMPILE_PREFIX_HEADER = YES;
				GCC_PREFIX_HEADER = "SP/SP-Prefix.pch";
				INFOPLIST_FILE = "SPTests/SPTests-Info.plist";
				PRODUCT_NAME = "$(TARGET_NAME)";
				TEST_HOST = "$(BUNDLE_LOADER)";
				WRAPPER_EXTENSION = octest;
			};
			name = Debug;
		};
		0B9A65CF14564D220031E5C2 /* Release */ = {
			isa = XCBuildConfiguration;
			buildSettings = {
				BUNDLE_LOADER = "$(BUILT_PRODUCTS_DIR)/SP.app/SP";
				FRAMEWORK_SEARCH_PATHS = (
					"$(SDKROOT)/Developer/Library/Frameworks",
					"$(DEVELOPER_LIBRARY_DIR)/Frameworks",
				);
				GCC_PRECOMPILE_PREFIX_HEADER = YES;
				GCC_PREFIX_HEADER = "SP/SP-Prefix.pch";
				INFOPLIST_FILE = "SPTests/SPTests-Info.plist";
				PRODUCT_NAME = "$(TARGET_NAME)";
				TEST_HOST = "$(BUNDLE_LOADER)";
				WRAPPER_EXTENSION = octest;
			};
			name = Release;
		};
/* End XCBuildConfiguration section */

/* Begin XCConfigurationList section */
		0B9A659114564D210031E5C2 /* Build configuration list for PBXProject "SP" */ = {
			isa = XCConfigurationList;
			buildConfigurations = (
				0B9A65C814564D220031E5C2 /* Debug */,
				0B9A65C914564D220031E5C2 /* Release */,
			);
			defaultConfigurationIsVisible = 0;
			defaultConfigurationName = Release;
		};
		0B9A65CA14564D220031E5C2 /* Build configuration list for PBXNativeTarget "SP" */ = {
			isa = XCConfigurationList;
			buildConfigurations = (
				0B9A65CB14564D220031E5C2 /* Debug */,
				0B9A65CC14564D220031E5C2 /* Release */,
			);
			defaultConfigurationIsVisible = 0;
			defaultConfigurationName = Release;
		};
		0B9A65CD14564D220031E5C2 /* Build configuration list for PBXNativeTarget "SPTests" */ = {
			isa = XCConfigurationList;
			buildConfigurations = (
				0B9A65CE14564D220031E5C2 /* Debug */,
				0B9A65CF14564D220031E5C2 /* Release */,
			);
			defaultConfigurationIsVisible = 0;
			defaultConfigurationName = Release;
		};
/* End XCConfigurationList section */

/* Begin XCVersionGroup section */
		00E24E001483608000B203D8 /* SPDataModel.xcdatamodeld */ = {
			isa = XCVersionGroup;
			children = (
				00E24E011483608000B203D8 /* SPDataModel.xcdatamodel */,
			);
			currentVersion = 00E24E011483608000B203D8 /* SPDataModel.xcdatamodel */;
			path = SPDataModel.xcdatamodeld;
			sourceTree = "<group>";
			versionGroupType = wrapper.xcdatamodel;
		};
/* End XCVersionGroup section */
	};
	rootObject = 0B9A658E14564D210031E5C2 /* Project object */;
}
