// !$*UTF8*$!
{
	archiveVersion = 1;
	classes = {
	};
	objectVersion = 46;
	objects = {

/* Begin PBXBuildFile section */
		0B9A659C14564D220031E5C2 /* UIKit.framework in Frameworks */ = {isa = PBXBuildFile; fileRef = 0B9A659B14564D220031E5C2 /* UIKit.framework */; };
		0B9A659E14564D220031E5C2 /* Foundation.framework in Frameworks */ = {isa = PBXBuildFile; fileRef = 0B9A659D14564D220031E5C2 /* Foundation.framework */; };
		0B9A65A014564D220031E5C2 /* CoreGraphics.framework in Frameworks */ = {isa = PBXBuildFile; fileRef = 0B9A659F14564D220031E5C2 /* CoreGraphics.framework */; };
		0B9A65A614564D220031E5C2 /* InfoPlist.strings in Resources */ = {isa = PBXBuildFile; fileRef = 0B9A65A414564D220031E5C2 /* InfoPlist.strings */; };
		0B9A65A814564D220031E5C2 /* main.m in Sources */ = {isa = PBXBuildFile; fileRef = 0B9A65A714564D220031E5C2 /* main.m */; };
		0B9A65AC14564D220031E5C2 /* SPAppDelegate.m in Sources */ = {isa = PBXBuildFile; fileRef = 0B9A65AB14564D220031E5C2 /* SPAppDelegate.m */; };
		0B9A65AF14564D220031E5C2 /* SPViewController.m in Sources */ = {isa = PBXBuildFile; fileRef = 0B9A65AE14564D220031E5C2 /* SPViewController.m */; };
		0B9A65B214564D220031E5C2 /* SPViewController.xib in Resources */ = {isa = PBXBuildFile; fileRef = 0B9A65B014564D220031E5C2 /* SPViewController.xib */; };
		0B9A65BA14564D220031E5C2 /* SenTestingKit.framework in Frameworks */ = {isa = PBXBuildFile; fileRef = 0B9A65B914564D220031E5C2 /* SenTestingKit.framework */; };
		0B9A65BB14564D220031E5C2 /* UIKit.framework in Frameworks */ = {isa = PBXBuildFile; fileRef = 0B9A659B14564D220031E5C2 /* UIKit.framework */; };
		0B9A65BC14564D220031E5C2 /* Foundation.framework in Frameworks */ = {isa = PBXBuildFile; fileRef = 0B9A659D14564D220031E5C2 /* Foundation.framework */; };
		0B9A65C414564D220031E5C2 /* InfoPlist.strings in Resources */ = {isa = PBXBuildFile; fileRef = 0B9A65C214564D220031E5C2 /* InfoPlist.strings */; };
		0B9A65C714564D220031E5C2 /* SPTests.m in Sources */ = {isa = PBXBuildFile; fileRef = 0B9A65C614564D220031E5C2 /* SPTests.m */; };
/* End PBXBuildFile section */

/* Begin PBXContainerItemProxy section */
		0B9A65BD14564D220031E5C2 /* PBXContainerItemProxy */ = {
			isa = PBXContainerItemProxy;
			containerPortal = 0B9A658E14564D210031E5C2 /* Project object */;
			proxyType = 1;
			remoteGlobalIDString = 0B9A659614564D220031E5C2;
			remoteInfo = SP;
		};
/* End PBXContainerItemProxy section */

/* Begin PBXFileReference section */
		0B9A659714564D220031E5C2 /* SP.app */ = {isa = PBXFileReference; explicitFileType = wrapper.application; includeInIndex = 0; path = SP.app; sourceTree = BUILT_PRODUCTS_DIR; };
		0B9A659B14564D220031E5C2 /* UIKit.framework */ = {isa = PBXFileReference; lastKnownFileType = wrapper.framework; name = UIKit.framework; path = System/Library/Frameworks/UIKit.framework; sourceTree = SDKROOT; };
		0B9A659D14564D220031E5C2 /* Foundation.framework */ = {isa = PBXFileReference; lastKnownFileType = wrapper.framework; name = Foundation.framework; path = System/Library/Frameworks/Foundation.framework; sourceTree = SDKROOT; };
		0B9A659F14564D220031E5C2 /* CoreGraphics.framework */ = {isa = PBXFileReference; lastKnownFileType = wrapper.framework; name = CoreGraphics.framework; path = System/Library/Frameworks/CoreGraphics.framework; sourceTree = SDKROOT; };
		0B9A65A314564D220031E5C2 /* SP-Info.plist */ = {isa = PBXFileReference; lastKnownFileType = text.plist.xml; path = "SP-Info.plist"; sourceTree = "<group>"; };
		0B9A65A514564D220031E5C2 /* en */ = {isa = PBXFileReference; lastKnownFileType = text.plist.strings; name = en; path = en.lproj/InfoPlist.strings; sourceTree = "<group>"; };
		0B9A65A714564D220031E5C2 /* main.m */ = {isa = PBXFileReference; lastKnownFileType = sourcecode.c.objc; path = main.m; sourceTree = "<group>"; };
		0B9A65A914564D220031E5C2 /* SP-Prefix.pch */ = {isa = PBXFileReference; lastKnownFileType = sourcecode.c.h; path = "SP-Prefix.pch"; sourceTree = "<group>"; };
		0B9A65AA14564D220031E5C2 /* SPAppDelegate.h */ = {isa = PBXFileReference; lastKnownFileType = sourcecode.c.h; path = SPAppDelegate.h; sourceTree = "<group>"; };
		0B9A65AB14564D220031E5C2 /* SPAppDelegate.m */ = {isa = PBXFileReference; lastKnownFileType = sourcecode.c.objc; path = SPAppDelegate.m; sourceTree = "<group>"; };
		0B9A65AD14564D220031E5C2 /* SPViewController.h */ = {isa = PBXFileReference; lastKnownFileType = sourcecode.c.h; path = SPViewController.h; sourceTree = "<group>"; };
		0B9A65AE14564D220031E5C2 /* SPViewController.m */ = {isa = PBXFileReference; lastKnownFileType = sourcecode.c.objc; path = SPViewController.m; sourceTree = "<group>"; };
		0B9A65B114564D220031E5C2 /* en */ = {isa = PBXFileReference; lastKnownFileType = file.xib; name = en; path = en.lproj/SPViewController.xib; sourceTree = "<group>"; };
		0B9A65B814564D220031E5C2 /* SPTests.octest */ = {isa = PBXFileReference; explicitFileType = wrapper.cfbundle; includeInIndex = 0; path = SPTests.octest; sourceTree = BUILT_PRODUCTS_DIR; };
		0B9A65B914564D220031E5C2 /* SenTestingKit.framework */ = {isa = PBXFileReference; lastKnownFileType = wrapper.framework; name = SenTestingKit.framework; path = Library/Frameworks/SenTestingKit.framework; sourceTree = DEVELOPER_DIR; };
		0B9A65C114564D220031E5C2 /* SPTests-Info.plist */ = {isa = PBXFileReference; lastKnownFileType = text.plist.xml; path = "SPTests-Info.plist"; sourceTree = "<group>"; };
		0B9A65C314564D220031E5C2 /* en */ = {isa = PBXFileReference; lastKnownFileType = text.plist.strings; name = en; path = en.lproj/InfoPlist.strings; sourceTree = "<group>"; };
		0B9A65C514564D220031E5C2 /* SPTests.h */ = {isa = PBXFileReference; lastKnownFileType = sourcecode.c.h; path = SPTests.h; sourceTree = "<group>"; };
		0B9A65C614564D220031E5C2 /* SPTests.m */ = {isa = PBXFileReference; lastKnownFileType = sourcecode.c.objc; path = SPTests.m; sourceTree = "<group>"; };
/* End PBXFileReference section */

/* Begin PBXFrameworksBuildPhase section */
		0B9A659414564D220031E5C2 /* Frameworks */ = {
			isa = PBXFrameworksBuildPhase;
			buildActionMask = 2147483647;
			files = (
				0B9A659C14564D220031E5C2 /* UIKit.framework in Frameworks */,
				0B9A659E14564D220031E5C2 /* Foundation.framework in Frameworks */,
				0B9A65A014564D220031E5C2 /* CoreGraphics.framework in Frameworks */,
			);
			runOnlyForDeploymentPostprocessing = 0;
		};
		0B9A65B414564D220031E5C2 /* Frameworks */ = {
			isa = PBXFrameworksBuildPhase;
			buildActionMask = 2147483647;
			files = (
				0B9A65BA14564D220031E5C2 /* SenTestingKit.framework in Frameworks */,
				0B9A65BB14564D220031E5C2 /* UIKit.framework in Frameworks */,
				0B9A65BC14564D220031E5C2 /* Foundation.framework in Frameworks */,
			);
			runOnlyForDeploymentPostprocessing = 0;
		};
/* End PBXFrameworksBuildPhase section */

/* Begin PBXGroup section */
		0B9A658C14564D210031E5C2 = {
			isa = PBXGroup;
			children = (
				0B9A65A114564D220031E5C2 /* SP */,
				0B9A65BF14564D220031E5C2 /* SPTests */,
				0B9A659A14564D220031E5C2 /* Frameworks */,
				0B9A659814564D220031E5C2 /* Products */,
			);
			sourceTree = "<group>";
		};
		0B9A659814564D220031E5C2 /* Products */ = {
			isa = PBXGroup;
			children = (
				0B9A659714564D220031E5C2 /* SP.app */,
				0B9A65B814564D220031E5C2 /* SPTests.octest */,
			);
			name = Products;
			sourceTree = "<group>";
		};
		0B9A659A14564D220031E5C2 /* Frameworks */ = {
			isa = PBXGroup;
			children = (
				0B9A659B14564D220031E5C2 /* UIKit.framework */,
				0B9A659D14564D220031E5C2 /* Foundation.framework */,
				0B9A659F14564D220031E5C2 /* CoreGraphics.framework */,
				0B9A65B914564D220031E5C2 /* SenTestingKit.framework */,
			);
			name = Frameworks;
			sourceTree = "<group>";
		};
		0B9A65A114564D220031E5C2 /* SP */ = {
			isa = PBXGroup;
			children = (
				0B9A65AA14564D220031E5C2 /* SPAppDelegate.h */,
				0B9A65AB14564D220031E5C2 /* SPAppDelegate.m */,
				0B9A65AD14564D220031E5C2 /* SPViewController.h */,
				0B9A65AE14564D220031E5C2 /* SPViewController.m */,
				0B9A65B014564D220031E5C2 /* SPViewController.xib */,
				0B9A65A214564D220031E5C2 /* Supporting Files */,
			);
			path = SP;
			sourceTree = "<group>";
		};
		0B9A65A214564D220031E5C2 /* Supporting Files */ = {
			isa = PBXGroup;
			children = (
				0B9A65A314564D220031E5C2 /* SP-Info.plist */,
				0B9A65A414564D220031E5C2 /* InfoPlist.strings */,
				0B9A65A714564D220031E5C2 /* main.m */,
				0B9A65A914564D220031E5C2 /* SP-Prefix.pch */,
			);
			name = "Supporting Files";
			sourceTree = "<group>";
		};
		0B9A65BF14564D220031E5C2 /* SPTests */ = {
			isa = PBXGroup;
			children = (
				0B9A65C514564D220031E5C2 /* SPTests.h */,
				0B9A65C614564D220031E5C2 /* SPTests.m */,
				0B9A65C014564D220031E5C2 /* Supporting Files */,
			);
			path = SPTests;
			sourceTree = "<group>";
		};
		0B9A65C014564D220031E5C2 /* Supporting Files */ = {
			isa = PBXGroup;
			children = (
				0B9A65C114564D220031E5C2 /* SPTests-Info.plist */,
				0B9A65C214564D220031E5C2 /* InfoPlist.strings */,
			);
			name = "Supporting Files";
			sourceTree = "<group>";
		};
/* End PBXGroup section */

/* Begin PBXNativeTarget section */
		0B9A659614564D220031E5C2 /* SP */ = {
			isa = PBXNativeTarget;
			buildConfigurationList = 0B9A65CA14564D220031E5C2 /* Build configuration list for PBXNativeTarget "SP" */;
			buildPhases = (
				0B9A659314564D220031E5C2 /* Sources */,
				0B9A659414564D220031E5C2 /* Frameworks */,
				0B9A659514564D220031E5C2 /* Resources */,
			);
			buildRules = (
			);
			dependencies = (
			);
			name = SP;
			productName = SP;
			productReference = 0B9A659714564D220031E5C2 /* SP.app */;
			productType = "com.apple.product-type.application";
		};
		0B9A65B714564D220031E5C2 /* SPTests */ = {
			isa = PBXNativeTarget;
			buildConfigurationList = 0B9A65CD14564D220031E5C2 /* Build configuration list for PBXNativeTarget "SPTests" */;
			buildPhases = (
				0B9A65B314564D220031E5C2 /* Sources */,
				0B9A65B414564D220031E5C2 /* Frameworks */,
				0B9A65B514564D220031E5C2 /* Resources */,
				0B9A65B614564D220031E5C2 /* ShellScript */,
			);
			buildRules = (
			);
			dependencies = (
				0B9A65BE14564D220031E5C2 /* PBXTargetDependency */,
			);
			name = SPTests;
			productName = SPTests;
			productReference = 0B9A65B814564D220031E5C2 /* SPTests.octest */;
			productType = "com.apple.product-type.bundle";
		};
/* End PBXNativeTarget section */

/* Begin PBXProject section */
		0B9A658E14564D210031E5C2 /* Project object */ = {
			isa = PBXProject;
			attributes = {
				LastUpgradeCheck = 0420;
			};
			buildConfigurationList = 0B9A659114564D210031E5C2 /* Build configuration list for PBXProject "SP" */;
			compatibilityVersion = "Xcode 3.2";
			developmentRegion = English;
			hasScannedForEncodings = 0;
			knownRegions = (
				en,
			);
			mainGroup = 0B9A658C14564D210031E5C2;
			productRefGroup = 0B9A659814564D220031E5C2 /* Products */;
			projectDirPath = "";
			projectRoot = "";
			targets = (
				0B9A659614564D220031E5C2 /* SP */,
				0B9A65B714564D220031E5C2 /* SPTests */,
			);
		};
/* End PBXProject section */

/* Begin PBXResourcesBuildPhase section */
		0B9A659514564D220031E5C2 /* Resources */ = {
			isa = PBXResourcesBuildPhase;
			buildActionMask = 2147483647;
			files = (
				0B9A65A614564D220031E5C2 /* InfoPlist.strings in Resources */,
				0B9A65B214564D220031E5C2 /* SPViewController.xib in Resources */,
			);
			runOnlyForDeploymentPostprocessing = 0;
		};
		0B9A65B514564D220031E5C2 /* Resources */ = {
			isa = PBXResourcesBuildPhase;
			buildActionMask = 2147483647;
			files = (
				0B9A65C414564D220031E5C2 /* InfoPlist.strings in Resources */,
			);
			runOnlyForDeploymentPostprocessing = 0;
		};
/* End PBXResourcesBuildPhase section */

/* Begin PBXShellScriptBuildPhase section */
		0B9A65B614564D220031E5C2 /* ShellScript */ = {
			isa = PBXShellScriptBuildPhase;
			buildActionMask = 2147483647;
			files = (
			);
			inputPaths = (
			);
			outputPaths = (
			);
			runOnlyForDeploymentPostprocessing = 0;
			shellPath = /bin/sh;
			shellScript = "# Run the unit tests in this test bundle.\n\"${SYSTEM_DEVELOPER_DIR}/Tools/RunUnitTests\"\n";
		};
/* End PBXShellScriptBuildPhase section */

/* Begin PBXSourcesBuildPhase section */
		0B9A659314564D220031E5C2 /* Sources */ = {
			isa = PBXSourcesBuildPhase;
			buildActionMask = 2147483647;
			files = (
				0B9A65A814564D220031E5C2 /* main.m in Sources */,
				0B9A65AC14564D220031E5C2 /* SPAppDelegate.m in Sources */,
				0B9A65AF14564D220031E5C2 /* SPViewController.m in Sources */,
			);
			runOnlyForDeploymentPostprocessing = 0;
		};
		0B9A65B314564D220031E5C2 /* Sources */ = {
			isa = PBXSourcesBuildPhase;
			buildActionMask = 2147483647;
			files = (
				0B9A65C714564D220031E5C2 /* SPTests.m in Sources */,
			);
			runOnlyForDeploymentPostprocessing = 0;
		};
/* End PBXSourcesBuildPhase section */

/* Begin PBXTargetDependency section */
		0B9A65BE14564D220031E5C2 /* PBXTargetDependency */ = {
			isa = PBXTargetDependency;
			target = 0B9A659614564D220031E5C2 /* SP */;
			targetProxy = 0B9A65BD14564D220031E5C2 /* PBXContainerItemProxy */;
		};
/* End PBXTargetDependency section */

/* Begin PBXVariantGroup section */
		0B9A65A414564D220031E5C2 /* InfoPlist.strings */ = {
			isa = PBXVariantGroup;
			children = (
				0B9A65A514564D220031E5C2 /* en */,
			);
			name = InfoPlist.strings;
			sourceTree = "<group>";
		};
		0B9A65B014564D220031E5C2 /* SPViewController.xib */ = {
			isa = PBXVariantGroup;
			children = (
				0B9A65B114564D220031E5C2 /* en */,
			);
			name = SPViewController.xib;
			sourceTree = "<group>";
		};
		0B9A65C214564D220031E5C2 /* InfoPlist.strings */ = {
			isa = PBXVariantGroup;
			children = (
				0B9A65C314564D220031E5C2 /* en */,
			);
			name = InfoPlist.strings;
			sourceTree = "<group>";
		};
/* End PBXVariantGroup section */

/* Begin XCBuildConfiguration section */
		0B9A65C814564D220031E5C2 /* Debug */ = {
			isa = XCBuildConfiguration;
			buildSettings = {
				ALWAYS_SEARCH_USER_PATHS = NO;
				ARCHS = "$(ARCHS_STANDARD_32_BIT)";
				"CODE_SIGN_IDENTITY[sdk=iphoneos*]" = "iPhone Developer";
				COPY_PHASE_STRIP = NO;
				GCC_C_LANGUAGE_STANDARD = gnu99;
				GCC_DYNAMIC_NO_PIC = NO;
				GCC_OPTIMIZATION_LEVEL = 0;
				GCC_PREPROCESSOR_DEFINITIONS = (
					"DEBUG=1",
					"$(inherited)",
				);
				GCC_SYMBOLS_PRIVATE_EXTERN = NO;
				GCC_VERSION = com.apple.compilers.llvm.clang.1_0;
				GCC_WARN_ABOUT_MISSING_PROTOTYPES = YES;
				GCC_WARN_ABOUT_RETURN_TYPE = YES;
				GCC_WARN_UNUSED_VARIABLE = YES;
				IPHONEOS_DEPLOYMENT_TARGET = 5.0;
				SDKROOT = iphoneos;
				TARGETED_DEVICE_FAMILY = 2;
			};
			name = Debug;
		};
		0B9A65C914564D220031E5C2 /* Release */ = {
			isa = XCBuildConfiguration;
			buildSettings = {
				ALWAYS_SEARCH_USER_PATHS = NO;
				ARCHS = "$(ARCHS_STANDARD_32_BIT)";
				"CODE_SIGN_IDENTITY[sdk=iphoneos*]" = "iPhone Developer";
				COPY_PHASE_STRIP = YES;
				GCC_C_LANGUAGE_STANDARD = gnu99;
				GCC_VERSION = com.apple.compilers.llvm.clang.1_0;
				GCC_WARN_ABOUT_MISSING_PROTOTYPES = YES;
				GCC_WARN_ABOUT_RETURN_TYPE = YES;
				GCC_WARN_UNUSED_VARIABLE = YES;
				IPHONEOS_DEPLOYMENT_TARGET = 5.0;
				OTHER_CFLAGS = "-DNS_BLOCK_ASSERTIONS=1";
				SDKROOT = iphoneos;
				TARGETED_DEVICE_FAMILY = 2;
				VALIDATE_PRODUCT = YES;
			};
			name = Release;
		};
		0B9A65CB14564D220031E5C2 /* Debug */ = {
			isa = XCBuildConfiguration;
			buildSettings = {
				GCC_PRECOMPILE_PREFIX_HEADER = YES;
				GCC_PREFIX_HEADER = "SP/SP-Prefix.pch";
				INFOPLIST_FILE = "SP/SP-Info.plist";
				PRODUCT_NAME = "$(TARGET_NAME)";
				WRAPPER_EXTENSION = app;
			};
			name = Debug;
		};
		0B9A65CC14564D220031E5C2 /* Release */ = {
			isa = XCBuildConfiguration;
			buildSettings = {
				GCC_PRECOMPILE_PREFIX_HEADER = YES;
				GCC_PREFIX_HEADER = "SP/SP-Prefix.pch";
				INFOPLIST_FILE = "SP/SP-Info.plist";
				PRODUCT_NAME = "$(TARGET_NAME)";
				WRAPPER_EXTENSION = app;
			};
			name = Release;
		};
		0B9A65CE14564D220031E5C2 /* Debug */ = {
			isa = XCBuildConfiguration;
			buildSettings = {
				BUNDLE_LOADER = "$(BUILT_PRODUCTS_DIR)/SP.app/SP";
				FRAMEWORK_SEARCH_PATHS = (
					"$(SDKROOT)/Developer/Library/Frameworks",
					"$(DEVELOPER_LIBRARY_DIR)/Frameworks",
				);
				GCC_PRECOMPILE_PREFIX_HEADER = YES;
				GCC_PREFIX_HEADER = "SP/SP-Prefix.pch";
				INFOPLIST_FILE = "SPTests/SPTests-Info.plist";
				PRODUCT_NAME = "$(TARGET_NAME)";
				TEST_HOST = "$(BUNDLE_LOADER)";
				WRAPPER_EXTENSION = octest;
			};
			name = Debug;
		};
		0B9A65CF14564D220031E5C2 /* Release */ = {
			isa = XCBuildConfiguration;
			buildSettings = {
				BUNDLE_LOADER = "$(BUILT_PRODUCTS_DIR)/SP.app/SP";
				FRAMEWORK_SEARCH_PATHS = (
					"$(SDKROOT)/Developer/Library/Frameworks",
					"$(DEVELOPER_LIBRARY_DIR)/Frameworks",
				);
				GCC_PRECOMPILE_PREFIX_HEADER = YES;
				GCC_PREFIX_HEADER = "SP/SP-Prefix.pch";
				INFOPLIST_FILE = "SPTests/SPTests-Info.plist";
				PRODUCT_NAME = "$(TARGET_NAME)";
				TEST_HOST = "$(BUNDLE_LOADER)";
				WRAPPER_EXTENSION = octest;
			};
			name = Release;
		};
/* End XCBuildConfiguration section */

/* Begin XCConfigurationList section */
		0B9A659114564D210031E5C2 /* Build configuration list for PBXProject "SP" */ = {
			isa = XCConfigurationList;
			buildConfigurations = (
				0B9A65C814564D220031E5C2 /* Debug */,
				0B9A65C914564D220031E5C2 /* Release */,
			);
			defaultConfigurationIsVisible = 0;
			defaultConfigurationName = Release;
		};
		0B9A65CA14564D220031E5C2 /* Build configuration list for PBXNativeTarget "SP" */ = {
			isa = XCConfigurationList;
			buildConfigurations = (
				0B9A65CB14564D220031E5C2 /* Debug */,
				0B9A65CC14564D220031E5C2 /* Release */,
			);
			defaultConfigurationIsVisible = 0;
			defaultConfigurationName = Release;
		};
		0B9A65CD14564D220031E5C2 /* Build configuration list for PBXNativeTarget "SPTests" */ = {
			isa = XCConfigurationList;
			buildConfigurations = (
				0B9A65CE14564D220031E5C2 /* Debug */,
				0B9A65CF14564D220031E5C2 /* Release */,
			);
			defaultConfigurationIsVisible = 0;
			defaultConfigurationName = Release;
		};
/* End XCConfigurationList section */
	};
	rootObject = 0B9A658E14564D210031E5C2 /* Project object */;
}
